// !$*UTF8*$!
{
	archiveVersion = 1;
	classes = {
	};
	objectVersion = 50;
	objects = {

/* Begin PBXBuildFile section */
		101605D2222BBA8600D8D506 /* RemoveDuplicatesfromSortedArrayII_80.c in Sources */ = {isa = PBXBuildFile; fileRef = 101605D1222BBA8600D8D506 /* RemoveDuplicatesfromSortedArrayII_80.c */; };
		1026509E2243737200D223A6 /* MergeTwoLists_21.c in Sources */ = {isa = PBXBuildFile; fileRef = 1026509D2243737200D223A6 /* MergeTwoLists_21.c */; };
		102650A2224375CC00D223A6 /* RemoveElements_203.c in Sources */ = {isa = PBXBuildFile; fileRef = 102650A1224375CC00D223A6 /* RemoveElements_203.c */; };
		102650A62243A4A000D223A6 /* ReverseString_344.c in Sources */ = {isa = PBXBuildFile; fileRef = 102650A52243A4A000D223A6 /* ReverseString_344.c */; };
		102650AA2243AB4800D223A6 /* ReverseStr_541.c in Sources */ = {isa = PBXBuildFile; fileRef = 102650A92243AB4800D223A6 /* ReverseStr_541.c */; };
		102650AE2243AD1E00D223A6 /* ReverseVowels_345.c in Sources */ = {isa = PBXBuildFile; fileRef = 102650AD2243AD1E00D223A6 /* ReverseVowels_345.c */; };
		102650B22243AED800D223A6 /* ReverseWords_557.c in Sources */ = {isa = PBXBuildFile; fileRef = 102650B12243AED800D223A6 /* ReverseWords_557.c */; };
		102650B62243B2E900D223A6 /* Tools.c in Sources */ = {isa = PBXBuildFile; fileRef = 102650B52243B2E900D223A6 /* Tools.c */; };
		102650BA2243B5DE00D223A6 /* IsLongPressedName_925.c in Sources */ = {isa = PBXBuildFile; fileRef = 102650B92243B5DE00D223A6 /* IsLongPressedName_925.c */; };
		102650BE2243B90500D223A6 /* IsHappy_202.c in Sources */ = {isa = PBXBuildFile; fileRef = 102650BD2243B90500D223A6 /* IsHappy_202.c */; };
		102650C22244683700D223A6 /* ClimbStairs_70.c in Sources */ = {isa = PBXBuildFile; fileRef = 102650C12244683700D223A6 /* ClimbStairs_70.c */; };
		102650C622446E0F00D223A6 /* IsPalindrome_125.c in Sources */ = {isa = PBXBuildFile; fileRef = 102650C522446E0F00D223A6 /* IsPalindrome_125.c */; };
		102650CA224474E800D223A6 /* RomanToInt_13.c in Sources */ = {isa = PBXBuildFile; fileRef = 102650C9224474E800D223A6 /* RomanToInt_13.c */; };
		102650CE224476C500D223A6 /* SwapPairs_24.c in Sources */ = {isa = PBXBuildFile; fileRef = 102650CD224476C500D223A6 /* SwapPairs_24.c */; };
		102650D222447AF400D223A6 /* RemoveDuplicates_26.c in Sources */ = {isa = PBXBuildFile; fileRef = 102650D122447AF400D223A6 /* RemoveDuplicates_26.c */; };
		102650D92248892300D223A6 /* TitleToNumber_171.c in Sources */ = {isa = PBXBuildFile; fileRef = 102650D82248892300D223A6 /* TitleToNumber_171.c */; };
		102650DD2248BB8E00D223A6 /* ConvertToTitle_168.c in Sources */ = {isa = PBXBuildFile; fileRef = 102650DC2248BB8E00D223A6 /* ConvertToTitle_168.c */; };
		102650E12249DFD300D223A6 /* IsRectangleOverlap_836.c in Sources */ = {isa = PBXBuildFile; fileRef = 102650E02249DFD300D223A6 /* IsRectangleOverlap_836.c */; };
		102650E52249E17400D223A6 /* ComputeArea_223.c in Sources */ = {isa = PBXBuildFile; fileRef = 102650E42249E17400D223A6 /* ComputeArea_223.c */; };
		102650E9224A07D600D223A6 /* AddDigits_258.c in Sources */ = {isa = PBXBuildFile; fileRef = 102650E8224A07D600D223A6 /* AddDigits_258.c */; };
		102650ED224A20CF00D223A6 /* RemoveElement_27.c in Sources */ = {isa = PBXBuildFile; fileRef = 102650EC224A20CF00D223A6 /* RemoveElement_27.c */; };
		102650F1224A246A00D223A6 /* LengthOfLastWord_58.c in Sources */ = {isa = PBXBuildFile; fileRef = 102650F0224A246A00D223A6 /* LengthOfLastWord_58.c */; };
		102650F5224A294200D223A6 /* AddBinary_67.c in Sources */ = {isa = PBXBuildFile; fileRef = 102650F4224A294200D223A6 /* AddBinary_67.c */; };
		102650F9224A2B2300D223A6 /* MySqrt_69.c in Sources */ = {isa = PBXBuildFile; fileRef = 102650F8224A2B2300D223A6 /* MySqrt_69.c */; };
		102650FD224A327C00D223A6 /* DeleteDuplicates_82.c in Sources */ = {isa = PBXBuildFile; fileRef = 102650FC224A327C00D223A6 /* DeleteDuplicates_82.c */; };
		10265101224A4A8700D223A6 /* DeleteDuplicates_83.c in Sources */ = {isa = PBXBuildFile; fileRef = 10265100224A4A8700D223A6 /* DeleteDuplicates_83.c */; };
		10265105224A4BC500D223A6 /* Merge_88.c in Sources */ = {isa = PBXBuildFile; fileRef = 10265104224A4BC500D223A6 /* Merge_88.c */; };
		10265109224A4E8E00D223A6 /* SingleNumber_136.c in Sources */ = {isa = PBXBuildFile; fileRef = 10265108224A4E8E00D223A6 /* SingleNumber_136.c */; };
		1026510D224AEFA500D223A6 /* SingleNumber_137.c in Sources */ = {isa = PBXBuildFile; fileRef = 1026510C224AEFA500D223A6 /* SingleNumber_137.c */; };
		10265111224AF0E300D223A6 /* HasCycle_141.c in Sources */ = {isa = PBXBuildFile; fileRef = 10265110224AF0E300D223A6 /* HasCycle_141.c */; };
		10265115224B126800D223A6 /* DetectCycle_142.c in Sources */ = {isa = PBXBuildFile; fileRef = 10265114224B126800D223A6 /* DetectCycle_142.c */; };
		10265119224B14BA00D223A6 /* InsertionSortList_147.c in Sources */ = {isa = PBXBuildFile; fileRef = 10265118224B14BA00D223A6 /* InsertionSortList_147.c */; };
		1026511D224B161500D223A6 /* TrailingZeroes_172.c in Sources */ = {isa = PBXBuildFile; fileRef = 1026511C224B161500D223A6 /* TrailingZeroes_172.c */; };
		10265121224B17C900D223A6 /* Rotate_189.c in Sources */ = {isa = PBXBuildFile; fileRef = 10265120224B17C900D223A6 /* Rotate_189.c */; };
		10265125224B1A1400D223A6 /* ReverseList_206.c in Sources */ = {isa = PBXBuildFile; fileRef = 10265124224B1A1400D223A6 /* ReverseList_206.c */; };
		10265129224B1D4C00D223A6 /* ContainsDuplicate_217.c in Sources */ = {isa = PBXBuildFile; fileRef = 10265128224B1D4C00D223A6 /* ContainsDuplicate_217.c */; };
		1026512D224B1EF700D223A6 /* ContainsNearbyDuplicate_219.c in Sources */ = {isa = PBXBuildFile; fileRef = 1026512C224B1EF700D223A6 /* ContainsNearbyDuplicate_219.c */; };
		10265131224B20AC00D223A6 /* ContainsNearbyAlmostDuplicate_220.c in Sources */ = {isa = PBXBuildFile; fileRef = 10265130224B20AC00D223A6 /* ContainsNearbyAlmostDuplicate_220.c */; };
		10265136224B2B0C00D223A6 /* MyStackCreate_225.c in Sources */ = {isa = PBXBuildFile; fileRef = 10265135224B2B0C00D223A6 /* MyStackCreate_225.c */; };
		1026513A224B2C7100D223A6 /* IsPowerOfTwo_231.c in Sources */ = {isa = PBXBuildFile; fileRef = 10265139224B2C7100D223A6 /* IsPowerOfTwo_231.c */; };
		1026513E224C68A000D223A6 /* MissingNumber_268.c in Sources */ = {isa = PBXBuildFile; fileRef = 1026513D224C68A000D223A6 /* MissingNumber_268.c */; };
		10265142224C6FC800D223A6 /* FirstBadVersion_278.c in Sources */ = {isa = PBXBuildFile; fileRef = 10265141224C6FC800D223A6 /* FirstBadVersion_278.c */; };
		10265146224C710D00D223A6 /* MoveZeroes_283.c in Sources */ = {isa = PBXBuildFile; fileRef = 10265145224C710D00D223A6 /* MoveZeroes_283.c */; };
		1026514B224C732A00D223A6 /* CanWinNim_292.c in Sources */ = {isa = PBXBuildFile; fileRef = 1026514A224C732A00D223A6 /* CanWinNim_292.c */; };
		1026514F224C757100D223A6 /* BulbSwitch_319.c in Sources */ = {isa = PBXBuildFile; fileRef = 1026514E224C757100D223A6 /* BulbSwitch_319.c */; };
		10265153224C771D00D223A6 /* IsPowerOfThree_326.c in Sources */ = {isa = PBXBuildFile; fileRef = 10265152224C771D00D223A6 /* IsPowerOfThree_326.c */; };
		10265157224C7F9A00D223A6 /* IsPowerOfFour_342.c in Sources */ = {isa = PBXBuildFile; fileRef = 10265156224C7F9A00D223A6 /* IsPowerOfFour_342.c */; };
		1026515B224CABC200D223A6 /* Intersection_349.c in Sources */ = {isa = PBXBuildFile; fileRef = 1026515A224CABC200D223A6 /* Intersection_349.c */; };
		1026515F224CAE3A00D223A6 /* IsPerfectSquare_367.c in Sources */ = {isa = PBXBuildFile; fileRef = 1026515E224CAE3A00D223A6 /* IsPerfectSquare_367.c */; };
		10265163224CB0DF00D223A6 /* GuessNumber_374.cpp in Sources */ = {isa = PBXBuildFile; fileRef = 10265161224CB0DF00D223A6 /* GuessNumber_374.cpp */; };
		10265167224CB1DF00D223A6 /* FindTheDifference_389.c in Sources */ = {isa = PBXBuildFile; fileRef = 10265166224CB1DF00D223A6 /* FindTheDifference_389.c */; };
		1026516B224CB41200D223A6 /* CountSegments_434.c in Sources */ = {isa = PBXBuildFile; fileRef = 1026516A224CB41200D223A6 /* CountSegments_434.c */; };
		1026516F224CB59C00D223A6 /* JudgeSquareSum_633.c in Sources */ = {isa = PBXBuildFile; fileRef = 1026516E224CB59C00D223A6 /* JudgeSquareSum_633.c */; };
		10265173224CD2ED00D223A6 /* CanTransform_777.c in Sources */ = {isa = PBXBuildFile; fileRef = 10265172224CD2ED00D223A6 /* CanTransform_777.c */; };
		10265177224CD47700D223A6 /* BackspaceCompare_844.c in Sources */ = {isa = PBXBuildFile; fileRef = 10265176224CD47700D223A6 /* BackspaceCompare_844.c */; };
		1026517B224CD80900D223A6 /* MiddleNode_876.c in Sources */ = {isa = PBXBuildFile; fileRef = 1026517A224CD80900D223A6 /* MiddleNode_876.c */; };
		1026517F224CE02900D223A6 /* SortedSquares_977.c in Sources */ = {isa = PBXBuildFile; fileRef = 1026517E224CE02900D223A6 /* SortedSquares_977.c */; };
		10265183224DAC5700D223A6 /* SumEvenAfterQueries_985.c in Sources */ = {isa = PBXBuildFile; fileRef = 10265182224DAC5700D223A6 /* SumEvenAfterQueries_985.c */; };
		10780359223F45F6009684B6 /* AddTwoNumbers_2.c in Sources */ = {isa = PBXBuildFile; fileRef = 10780358223F45F6009684B6 /* AddTwoNumbers_2.c */; };
		1078035D2240A069009684B6 /* AddToArrayForm_989.c in Sources */ = {isa = PBXBuildFile; fileRef = 1078035C2240A069009684B6 /* AddToArrayForm_989.c */; };
		107803612240EEAB009684B6 /* AddStrings_415.c in Sources */ = {isa = PBXBuildFile; fileRef = 107803602240EEAB009684B6 /* AddStrings_415.c */; };
		24388DE821BE5CCE002A4F8A /* FindDisappearedNumbers_448.c in Sources */ = {isa = PBXBuildFile; fileRef = 24388DE721BE5CCE002A4F8A /* FindDisappearedNumbers_448.c */; };
		24388DF021BF9F14002A4F8A /* FindPairs_532.c in Sources */ = {isa = PBXBuildFile; fileRef = 24388DEF21BF9F14002A4F8A /* FindPairs_532.c */; };
		245BEC2E21575841005984BE /* ShortestToChar_821.c in Sources */ = {isa = PBXBuildFile; fileRef = 245BEC2D21575841005984BE /* ShortestToChar_821.c */; };
		245BEC32215A26B8005984BE /* FirstUniqChar_387.c in Sources */ = {isa = PBXBuildFile; fileRef = 245BEC31215A26B8005984BE /* FirstUniqChar_387.c */; };
		245BEC36215B09E7005984BE /* NumJewelsInStones_771.c in Sources */ = {isa = PBXBuildFile; fileRef = 245BEC35215B09E7005984BE /* NumJewelsInStones_771.c */; };
		245BEC3A215B2701005984BE /* Isomorphic_205.c in Sources */ = {isa = PBXBuildFile; fileRef = 245BEC39215B2701005984BE /* Isomorphic_205.c */; };
		245BEC3E215B604E005984BE /* CompressChars_443.c in Sources */ = {isa = PBXBuildFile; fileRef = 245BEC3D215B604E005984BE /* CompressChars_443.c */; };
		245BEC42215C914D005984BE /* LicenseKeyFormatting_482.c in Sources */ = {isa = PBXBuildFile; fileRef = 245BEC41215C914D005984BE /* LicenseKeyFormatting_482.c */; };
		245BEC46216B337B005984BE /* Reverse_7.c in Sources */ = {isa = PBXBuildFile; fileRef = 245BEC45216B337B005984BE /* Reverse_7.c */; };
		245BEC4A216C4276005984BE /* IsPalindrome_9.c in Sources */ = {isa = PBXBuildFile; fileRef = 245BEC49216C4276005984BE /* IsPalindrome_9.c */; };
		245BEC4E216E1845005984BE /* SearchInsert_35.c in Sources */ = {isa = PBXBuildFile; fileRef = 245BEC4D216E1845005984BE /* SearchInsert_35.c */; };
		245BEC522172F9BE005984BE /* LongestCommonPrefix.c in Sources */ = {isa = PBXBuildFile; fileRef = 245BEC512172F9BE005984BE /* LongestCommonPrefix.c */; };
		245BEC56217316F0005984BE /* StrStr_28.c in Sources */ = {isa = PBXBuildFile; fileRef = 245BEC55217316F0005984BE /* StrStr_28.c */; };
		245BEC5A217860C2005984BE /* PlusOne_66.c in Sources */ = {isa = PBXBuildFile; fileRef = 245BEC59217860C1005984BE /* PlusOne_66.c */; };
		24B7F4C521410A7C0051F309 /* ReverseWordsAndReduceSpace_186.c in Sources */ = {isa = PBXBuildFile; fileRef = 24B7F4C421410A7C0051F309 /* ReverseWordsAndReduceSpace_186.c */; };
		24E4576B209CAC3C0048DEF7 /* main.m in Sources */ = {isa = PBXBuildFile; fileRef = 24E4576A209CAC3C0048DEF7 /* main.m */; };
		24E45773209EB4E00048DEF7 /* TwoSum_1.c in Sources */ = {isa = PBXBuildFile; fileRef = 24E45772209EB4E00048DEF7 /* TwoSum_1.c */; };
		24E45778209EC3060048DEF7 /* ThreeSum_15.c in Sources */ = {isa = PBXBuildFile; fileRef = 24E45777209EC3060048DEF7 /* ThreeSum_15.c */; };
		24E4577C20A01E840048DEF7 /* QuickSort.c in Sources */ = {isa = PBXBuildFile; fileRef = 24E4577B20A01E840048DEF7 /* QuickSort.c */; };
/* End PBXBuildFile section */

/* Begin PBXCopyFilesBuildPhase section */
		24E45765209CAC3C0048DEF7 /* CopyFiles */ = {
			isa = PBXCopyFilesBuildPhase;
			buildActionMask = 2147483647;
			dstPath = /usr/share/man/man1/;
			dstSubfolderSpec = 0;
			files = (
			);
			runOnlyForDeploymentPostprocessing = 1;
		};
/* End PBXCopyFilesBuildPhase section */

/* Begin PBXFileReference section */
		101605D0222BBA8600D8D506 /* RemoveDuplicatesfromSortedArrayII_80.h */ = {isa = PBXFileReference; lastKnownFileType = sourcecode.c.h; path = RemoveDuplicatesfromSortedArrayII_80.h; sourceTree = "<group>"; };
		101605D1222BBA8600D8D506 /* RemoveDuplicatesfromSortedArrayII_80.c */ = {isa = PBXFileReference; lastKnownFileType = sourcecode.c.c; path = RemoveDuplicatesfromSortedArrayII_80.c; sourceTree = "<group>"; };
		1026509C2243737200D223A6 /* MergeTwoLists_21.h */ = {isa = PBXFileReference; lastKnownFileType = sourcecode.c.h; path = MergeTwoLists_21.h; sourceTree = "<group>"; };
		1026509D2243737200D223A6 /* MergeTwoLists_21.c */ = {isa = PBXFileReference; lastKnownFileType = sourcecode.c.c; path = MergeTwoLists_21.c; sourceTree = "<group>"; };
		102650A0224375CC00D223A6 /* RemoveElements_203.h */ = {isa = PBXFileReference; lastKnownFileType = sourcecode.c.h; path = RemoveElements_203.h; sourceTree = "<group>"; };
		102650A1224375CC00D223A6 /* RemoveElements_203.c */ = {isa = PBXFileReference; lastKnownFileType = sourcecode.c.c; path = RemoveElements_203.c; sourceTree = "<group>"; };
		102650A42243A4A000D223A6 /* ReverseString_344.h */ = {isa = PBXFileReference; lastKnownFileType = sourcecode.c.h; path = ReverseString_344.h; sourceTree = "<group>"; };
		102650A52243A4A000D223A6 /* ReverseString_344.c */ = {isa = PBXFileReference; lastKnownFileType = sourcecode.c.c; path = ReverseString_344.c; sourceTree = "<group>"; };
		102650A82243AB4800D223A6 /* ReverseStr_541.h */ = {isa = PBXFileReference; lastKnownFileType = sourcecode.c.h; path = ReverseStr_541.h; sourceTree = "<group>"; };
		102650A92243AB4800D223A6 /* ReverseStr_541.c */ = {isa = PBXFileReference; lastKnownFileType = sourcecode.c.c; path = ReverseStr_541.c; sourceTree = "<group>"; };
		102650AC2243AD1E00D223A6 /* ReverseVowels_345.h */ = {isa = PBXFileReference; lastKnownFileType = sourcecode.c.h; path = ReverseVowels_345.h; sourceTree = "<group>"; };
		102650AD2243AD1E00D223A6 /* ReverseVowels_345.c */ = {isa = PBXFileReference; lastKnownFileType = sourcecode.c.c; path = ReverseVowels_345.c; sourceTree = "<group>"; };
		102650B02243AED800D223A6 /* ReverseWords_557.h */ = {isa = PBXFileReference; lastKnownFileType = sourcecode.c.h; path = ReverseWords_557.h; sourceTree = "<group>"; };
		102650B12243AED800D223A6 /* ReverseWords_557.c */ = {isa = PBXFileReference; lastKnownFileType = sourcecode.c.c; path = ReverseWords_557.c; sourceTree = "<group>"; };
		102650B42243B2E900D223A6 /* Tools.h */ = {isa = PBXFileReference; lastKnownFileType = sourcecode.c.h; path = Tools.h; sourceTree = "<group>"; };
		102650B52243B2E900D223A6 /* Tools.c */ = {isa = PBXFileReference; lastKnownFileType = sourcecode.c.c; path = Tools.c; sourceTree = "<group>"; };
		102650B82243B5DE00D223A6 /* IsLongPressedName_925.h */ = {isa = PBXFileReference; lastKnownFileType = sourcecode.c.h; path = IsLongPressedName_925.h; sourceTree = "<group>"; };
		102650B92243B5DE00D223A6 /* IsLongPressedName_925.c */ = {isa = PBXFileReference; lastKnownFileType = sourcecode.c.c; path = IsLongPressedName_925.c; sourceTree = "<group>"; };
		102650BC2243B90500D223A6 /* IsHappy_202.h */ = {isa = PBXFileReference; lastKnownFileType = sourcecode.c.h; path = IsHappy_202.h; sourceTree = "<group>"; };
		102650BD2243B90500D223A6 /* IsHappy_202.c */ = {isa = PBXFileReference; lastKnownFileType = sourcecode.c.c; path = IsHappy_202.c; sourceTree = "<group>"; };
		102650C02244683700D223A6 /* ClimbStairs_70.h */ = {isa = PBXFileReference; lastKnownFileType = sourcecode.c.h; path = ClimbStairs_70.h; sourceTree = "<group>"; };
		102650C12244683700D223A6 /* ClimbStairs_70.c */ = {isa = PBXFileReference; lastKnownFileType = sourcecode.c.c; path = ClimbStairs_70.c; sourceTree = "<group>"; };
		102650C422446E0F00D223A6 /* IsPalindrome_125.h */ = {isa = PBXFileReference; lastKnownFileType = sourcecode.c.h; path = IsPalindrome_125.h; sourceTree = "<group>"; };
		102650C522446E0F00D223A6 /* IsPalindrome_125.c */ = {isa = PBXFileReference; lastKnownFileType = sourcecode.c.c; path = IsPalindrome_125.c; sourceTree = "<group>"; };
		102650C8224474E800D223A6 /* RomanToInt_13.h */ = {isa = PBXFileReference; lastKnownFileType = sourcecode.c.h; path = RomanToInt_13.h; sourceTree = "<group>"; };
		102650C9224474E800D223A6 /* RomanToInt_13.c */ = {isa = PBXFileReference; lastKnownFileType = sourcecode.c.c; path = RomanToInt_13.c; sourceTree = "<group>"; };
		102650CC224476C500D223A6 /* SwapPairs_24.h */ = {isa = PBXFileReference; lastKnownFileType = sourcecode.c.h; path = SwapPairs_24.h; sourceTree = "<group>"; };
		102650CD224476C500D223A6 /* SwapPairs_24.c */ = {isa = PBXFileReference; lastKnownFileType = sourcecode.c.c; path = SwapPairs_24.c; sourceTree = "<group>"; };
		102650D022447AF400D223A6 /* RemoveDuplicates_26.h */ = {isa = PBXFileReference; lastKnownFileType = sourcecode.c.h; path = RemoveDuplicates_26.h; sourceTree = "<group>"; };
		102650D122447AF400D223A6 /* RemoveDuplicates_26.c */ = {isa = PBXFileReference; lastKnownFileType = sourcecode.c.c; path = RemoveDuplicates_26.c; sourceTree = "<group>"; };
		102650D72248892300D223A6 /* TitleToNumber_171.h */ = {isa = PBXFileReference; lastKnownFileType = sourcecode.c.h; path = TitleToNumber_171.h; sourceTree = "<group>"; };
		102650D82248892300D223A6 /* TitleToNumber_171.c */ = {isa = PBXFileReference; lastKnownFileType = sourcecode.c.c; path = TitleToNumber_171.c; sourceTree = "<group>"; };
		102650DB2248BB8E00D223A6 /* ConvertToTitle_168.h */ = {isa = PBXFileReference; lastKnownFileType = sourcecode.c.h; path = ConvertToTitle_168.h; sourceTree = "<group>"; };
		102650DC2248BB8E00D223A6 /* ConvertToTitle_168.c */ = {isa = PBXFileReference; lastKnownFileType = sourcecode.c.c; path = ConvertToTitle_168.c; sourceTree = "<group>"; };
		102650DF2249DFD300D223A6 /* IsRectangleOverlap_836.h */ = {isa = PBXFileReference; lastKnownFileType = sourcecode.c.h; path = IsRectangleOverlap_836.h; sourceTree = "<group>"; };
		102650E02249DFD300D223A6 /* IsRectangleOverlap_836.c */ = {isa = PBXFileReference; lastKnownFileType = sourcecode.c.c; path = IsRectangleOverlap_836.c; sourceTree = "<group>"; };
		102650E32249E17400D223A6 /* ComputeArea_223.h */ = {isa = PBXFileReference; lastKnownFileType = sourcecode.c.h; path = ComputeArea_223.h; sourceTree = "<group>"; };
		102650E42249E17400D223A6 /* ComputeArea_223.c */ = {isa = PBXFileReference; lastKnownFileType = sourcecode.c.c; path = ComputeArea_223.c; sourceTree = "<group>"; };
		102650E7224A07D600D223A6 /* AddDigits_258.h */ = {isa = PBXFileReference; lastKnownFileType = sourcecode.c.h; path = AddDigits_258.h; sourceTree = "<group>"; };
		102650E8224A07D600D223A6 /* AddDigits_258.c */ = {isa = PBXFileReference; lastKnownFileType = sourcecode.c.c; path = AddDigits_258.c; sourceTree = "<group>"; };
		102650EB224A20CF00D223A6 /* RemoveElement_27.h */ = {isa = PBXFileReference; lastKnownFileType = sourcecode.c.h; path = RemoveElement_27.h; sourceTree = "<group>"; };
		102650EC224A20CF00D223A6 /* RemoveElement_27.c */ = {isa = PBXFileReference; lastKnownFileType = sourcecode.c.c; path = RemoveElement_27.c; sourceTree = "<group>"; };
		102650EF224A246A00D223A6 /* LengthOfLastWord_58.h */ = {isa = PBXFileReference; lastKnownFileType = sourcecode.c.h; path = LengthOfLastWord_58.h; sourceTree = "<group>"; };
		102650F0224A246A00D223A6 /* LengthOfLastWord_58.c */ = {isa = PBXFileReference; lastKnownFileType = sourcecode.c.c; path = LengthOfLastWord_58.c; sourceTree = "<group>"; };
		102650F3224A294200D223A6 /* AddBinary_67.h */ = {isa = PBXFileReference; lastKnownFileType = sourcecode.c.h; path = AddBinary_67.h; sourceTree = "<group>"; };
		102650F4224A294200D223A6 /* AddBinary_67.c */ = {isa = PBXFileReference; lastKnownFileType = sourcecode.c.c; path = AddBinary_67.c; sourceTree = "<group>"; };
		102650F7224A2B2300D223A6 /* MySqrt_69.h */ = {isa = PBXFileReference; lastKnownFileType = sourcecode.c.h; path = MySqrt_69.h; sourceTree = "<group>"; };
		102650F8224A2B2300D223A6 /* MySqrt_69.c */ = {isa = PBXFileReference; lastKnownFileType = sourcecode.c.c; path = MySqrt_69.c; sourceTree = "<group>"; };
		102650FB224A327C00D223A6 /* DeleteDuplicates_82.h */ = {isa = PBXFileReference; lastKnownFileType = sourcecode.c.h; path = DeleteDuplicates_82.h; sourceTree = "<group>"; };
		102650FC224A327C00D223A6 /* DeleteDuplicates_82.c */ = {isa = PBXFileReference; lastKnownFileType = sourcecode.c.c; path = DeleteDuplicates_82.c; sourceTree = "<group>"; };
		102650FF224A4A8700D223A6 /* DeleteDuplicates_83.h */ = {isa = PBXFileReference; lastKnownFileType = sourcecode.c.h; path = DeleteDuplicates_83.h; sourceTree = "<group>"; };
		10265100224A4A8700D223A6 /* DeleteDuplicates_83.c */ = {isa = PBXFileReference; lastKnownFileType = sourcecode.c.c; path = DeleteDuplicates_83.c; sourceTree = "<group>"; };
		10265103224A4BC500D223A6 /* Merge_88.h */ = {isa = PBXFileReference; lastKnownFileType = sourcecode.c.h; path = Merge_88.h; sourceTree = "<group>"; };
		10265104224A4BC500D223A6 /* Merge_88.c */ = {isa = PBXFileReference; lastKnownFileType = sourcecode.c.c; path = Merge_88.c; sourceTree = "<group>"; };
		10265107224A4E8E00D223A6 /* SingleNumber_136.h */ = {isa = PBXFileReference; lastKnownFileType = sourcecode.c.h; path = SingleNumber_136.h; sourceTree = "<group>"; };
		10265108224A4E8E00D223A6 /* SingleNumber_136.c */ = {isa = PBXFileReference; lastKnownFileType = sourcecode.c.c; path = SingleNumber_136.c; sourceTree = "<group>"; };
		1026510B224AEFA500D223A6 /* SingleNumber_137.h */ = {isa = PBXFileReference; lastKnownFileType = sourcecode.c.h; path = SingleNumber_137.h; sourceTree = "<group>"; };
		1026510C224AEFA500D223A6 /* SingleNumber_137.c */ = {isa = PBXFileReference; lastKnownFileType = sourcecode.c.c; path = SingleNumber_137.c; sourceTree = "<group>"; };
		1026510F224AF0E300D223A6 /* HasCycle_141.h */ = {isa = PBXFileReference; lastKnownFileType = sourcecode.c.h; path = HasCycle_141.h; sourceTree = "<group>"; };
		10265110224AF0E300D223A6 /* HasCycle_141.c */ = {isa = PBXFileReference; lastKnownFileType = sourcecode.c.c; path = HasCycle_141.c; sourceTree = "<group>"; };
		10265113224B126800D223A6 /* DetectCycle_142.h */ = {isa = PBXFileReference; lastKnownFileType = sourcecode.c.h; path = DetectCycle_142.h; sourceTree = "<group>"; };
		10265114224B126800D223A6 /* DetectCycle_142.c */ = {isa = PBXFileReference; lastKnownFileType = sourcecode.c.c; path = DetectCycle_142.c; sourceTree = "<group>"; };
		10265117224B14BA00D223A6 /* InsertionSortList_147.h */ = {isa = PBXFileReference; lastKnownFileType = sourcecode.c.h; path = InsertionSortList_147.h; sourceTree = "<group>"; };
		10265118224B14BA00D223A6 /* InsertionSortList_147.c */ = {isa = PBXFileReference; lastKnownFileType = sourcecode.c.c; path = InsertionSortList_147.c; sourceTree = "<group>"; };
		1026511B224B161500D223A6 /* TrailingZeroes_172.h */ = {isa = PBXFileReference; lastKnownFileType = sourcecode.c.h; path = TrailingZeroes_172.h; sourceTree = "<group>"; };
		1026511C224B161500D223A6 /* TrailingZeroes_172.c */ = {isa = PBXFileReference; lastKnownFileType = sourcecode.c.c; path = TrailingZeroes_172.c; sourceTree = "<group>"; };
		1026511F224B17C900D223A6 /* Rotate_189.h */ = {isa = PBXFileReference; lastKnownFileType = sourcecode.c.h; path = Rotate_189.h; sourceTree = "<group>"; };
		10265120224B17C900D223A6 /* Rotate_189.c */ = {isa = PBXFileReference; lastKnownFileType = sourcecode.c.c; path = Rotate_189.c; sourceTree = "<group>"; };
		10265123224B1A1400D223A6 /* ReverseList_206.h */ = {isa = PBXFileReference; lastKnownFileType = sourcecode.c.h; path = ReverseList_206.h; sourceTree = "<group>"; };
		10265124224B1A1400D223A6 /* ReverseList_206.c */ = {isa = PBXFileReference; lastKnownFileType = sourcecode.c.c; path = ReverseList_206.c; sourceTree = "<group>"; };
		10265127224B1D4C00D223A6 /* ContainsDuplicate_217.h */ = {isa = PBXFileReference; lastKnownFileType = sourcecode.c.h; path = ContainsDuplicate_217.h; sourceTree = "<group>"; };
		10265128224B1D4C00D223A6 /* ContainsDuplicate_217.c */ = {isa = PBXFileReference; lastKnownFileType = sourcecode.c.c; path = ContainsDuplicate_217.c; sourceTree = "<group>"; };
		1026512B224B1EF700D223A6 /* ContainsNearbyDuplicate_219.h */ = {isa = PBXFileReference; lastKnownFileType = sourcecode.c.h; path = ContainsNearbyDuplicate_219.h; sourceTree = "<group>"; };
		1026512C224B1EF700D223A6 /* ContainsNearbyDuplicate_219.c */ = {isa = PBXFileReference; lastKnownFileType = sourcecode.c.c; path = ContainsNearbyDuplicate_219.c; sourceTree = "<group>"; };
		1026512F224B20AC00D223A6 /* ContainsNearbyAlmostDuplicate_220.h */ = {isa = PBXFileReference; lastKnownFileType = sourcecode.c.h; path = ContainsNearbyAlmostDuplicate_220.h; sourceTree = "<group>"; };
		10265130224B20AC00D223A6 /* ContainsNearbyAlmostDuplicate_220.c */ = {isa = PBXFileReference; lastKnownFileType = sourcecode.c.c; path = ContainsNearbyAlmostDuplicate_220.c; sourceTree = "<group>"; };
		10265134224B2B0C00D223A6 /* MyStackCreate_225.h */ = {isa = PBXFileReference; lastKnownFileType = sourcecode.c.h; path = MyStackCreate_225.h; sourceTree = "<group>"; };
		10265135224B2B0C00D223A6 /* MyStackCreate_225.c */ = {isa = PBXFileReference; lastKnownFileType = sourcecode.c.c; path = MyStackCreate_225.c; sourceTree = "<group>"; };
		10265138224B2C7100D223A6 /* IsPowerOfTwo_231.h */ = {isa = PBXFileReference; lastKnownFileType = sourcecode.c.h; path = IsPowerOfTwo_231.h; sourceTree = "<group>"; };
		10265139224B2C7100D223A6 /* IsPowerOfTwo_231.c */ = {isa = PBXFileReference; lastKnownFileType = sourcecode.c.c; path = IsPowerOfTwo_231.c; sourceTree = "<group>"; };
		1026513C224C68A000D223A6 /* MissingNumber_268.h */ = {isa = PBXFileReference; lastKnownFileType = sourcecode.c.h; path = MissingNumber_268.h; sourceTree = "<group>"; };
		1026513D224C68A000D223A6 /* MissingNumber_268.c */ = {isa = PBXFileReference; lastKnownFileType = sourcecode.c.c; path = MissingNumber_268.c; sourceTree = "<group>"; };
		10265140224C6FC800D223A6 /* FirstBadVersion_278.h */ = {isa = PBXFileReference; lastKnownFileType = sourcecode.c.h; path = FirstBadVersion_278.h; sourceTree = "<group>"; };
		10265141224C6FC800D223A6 /* FirstBadVersion_278.c */ = {isa = PBXFileReference; lastKnownFileType = sourcecode.c.c; path = FirstBadVersion_278.c; sourceTree = "<group>"; };
		10265144224C710D00D223A6 /* MoveZeroes_283.h */ = {isa = PBXFileReference; lastKnownFileType = sourcecode.c.h; path = MoveZeroes_283.h; sourceTree = "<group>"; };
		10265145224C710D00D223A6 /* MoveZeroes_283.c */ = {isa = PBXFileReference; lastKnownFileType = sourcecode.c.c; path = MoveZeroes_283.c; sourceTree = "<group>"; };
		10265149224C732A00D223A6 /* CanWinNim_292.h */ = {isa = PBXFileReference; lastKnownFileType = sourcecode.c.h; path = CanWinNim_292.h; sourceTree = "<group>"; };
		1026514A224C732A00D223A6 /* CanWinNim_292.c */ = {isa = PBXFileReference; lastKnownFileType = sourcecode.c.c; path = CanWinNim_292.c; sourceTree = "<group>"; };
		1026514D224C757100D223A6 /* BulbSwitch_319.h */ = {isa = PBXFileReference; lastKnownFileType = sourcecode.c.h; path = BulbSwitch_319.h; sourceTree = "<group>"; };
		1026514E224C757100D223A6 /* BulbSwitch_319.c */ = {isa = PBXFileReference; lastKnownFileType = sourcecode.c.c; path = BulbSwitch_319.c; sourceTree = "<group>"; };
		10265151224C771D00D223A6 /* IsPowerOfThree_326.h */ = {isa = PBXFileReference; lastKnownFileType = sourcecode.c.h; path = IsPowerOfThree_326.h; sourceTree = "<group>"; };
		10265152224C771D00D223A6 /* IsPowerOfThree_326.c */ = {isa = PBXFileReference; lastKnownFileType = sourcecode.c.c; path = IsPowerOfThree_326.c; sourceTree = "<group>"; };
		10265155224C7F9A00D223A6 /* IsPowerOfFour_342.h */ = {isa = PBXFileReference; lastKnownFileType = sourcecode.c.h; path = IsPowerOfFour_342.h; sourceTree = "<group>"; };
		10265156224C7F9A00D223A6 /* IsPowerOfFour_342.c */ = {isa = PBXFileReference; lastKnownFileType = sourcecode.c.c; path = IsPowerOfFour_342.c; sourceTree = "<group>"; };
		10265159224CABC200D223A6 /* Intersection_349.h */ = {isa = PBXFileReference; lastKnownFileType = sourcecode.c.h; path = Intersection_349.h; sourceTree = "<group>"; };
		1026515A224CABC200D223A6 /* Intersection_349.c */ = {isa = PBXFileReference; lastKnownFileType = sourcecode.c.c; path = Intersection_349.c; sourceTree = "<group>"; };
		1026515D224CAE3A00D223A6 /* IsPerfectSquare_367.h */ = {isa = PBXFileReference; lastKnownFileType = sourcecode.c.h; path = IsPerfectSquare_367.h; sourceTree = "<group>"; };
		1026515E224CAE3A00D223A6 /* IsPerfectSquare_367.c */ = {isa = PBXFileReference; lastKnownFileType = sourcecode.c.c; path = IsPerfectSquare_367.c; sourceTree = "<group>"; };
		10265161224CB0DF00D223A6 /* GuessNumber_374.cpp */ = {isa = PBXFileReference; lastKnownFileType = sourcecode.cpp.cpp; path = GuessNumber_374.cpp; sourceTree = "<group>"; };
		10265162224CB0DF00D223A6 /* GuessNumber_374.hpp */ = {isa = PBXFileReference; lastKnownFileType = sourcecode.cpp.h; path = GuessNumber_374.hpp; sourceTree = "<group>"; };
		10265165224CB1DF00D223A6 /* FindTheDifference_389.h */ = {isa = PBXFileReference; lastKnownFileType = sourcecode.c.h; path = FindTheDifference_389.h; sourceTree = "<group>"; };
		10265166224CB1DF00D223A6 /* FindTheDifference_389.c */ = {isa = PBXFileReference; lastKnownFileType = sourcecode.c.c; path = FindTheDifference_389.c; sourceTree = "<group>"; };
		10265169224CB41200D223A6 /* CountSegments_434.h */ = {isa = PBXFileReference; lastKnownFileType = sourcecode.c.h; path = CountSegments_434.h; sourceTree = "<group>"; };
		1026516A224CB41200D223A6 /* CountSegments_434.c */ = {isa = PBXFileReference; lastKnownFileType = sourcecode.c.c; path = CountSegments_434.c; sourceTree = "<group>"; };
		1026516D224CB59C00D223A6 /* JudgeSquareSum_633.h */ = {isa = PBXFileReference; lastKnownFileType = sourcecode.c.h; path = JudgeSquareSum_633.h; sourceTree = "<group>"; };
		1026516E224CB59C00D223A6 /* JudgeSquareSum_633.c */ = {isa = PBXFileReference; lastKnownFileType = sourcecode.c.c; path = JudgeSquareSum_633.c; sourceTree = "<group>"; };
		10265171224CD2ED00D223A6 /* CanTransform_777.h */ = {isa = PBXFileReference; lastKnownFileType = sourcecode.c.h; path = CanTransform_777.h; sourceTree = "<group>"; };
		10265172224CD2ED00D223A6 /* CanTransform_777.c */ = {isa = PBXFileReference; lastKnownFileType = sourcecode.c.c; path = CanTransform_777.c; sourceTree = "<group>"; };
		10265175224CD47700D223A6 /* BackspaceCompare_844.h */ = {isa = PBXFileReference; lastKnownFileType = sourcecode.c.h; path = BackspaceCompare_844.h; sourceTree = "<group>"; };
		10265176224CD47700D223A6 /* BackspaceCompare_844.c */ = {isa = PBXFileReference; lastKnownFileType = sourcecode.c.c; path = BackspaceCompare_844.c; sourceTree = "<group>"; };
		10265179224CD80900D223A6 /* MiddleNode_876.h */ = {isa = PBXFileReference; lastKnownFileType = sourcecode.c.h; path = MiddleNode_876.h; sourceTree = "<group>"; };
		1026517A224CD80900D223A6 /* MiddleNode_876.c */ = {isa = PBXFileReference; lastKnownFileType = sourcecode.c.c; path = MiddleNode_876.c; sourceTree = "<group>"; };
		1026517D224CE02900D223A6 /* SortedSquares_977.h */ = {isa = PBXFileReference; lastKnownFileType = sourcecode.c.h; path = SortedSquares_977.h; sourceTree = "<group>"; };
		1026517E224CE02900D223A6 /* SortedSquares_977.c */ = {isa = PBXFileReference; lastKnownFileType = sourcecode.c.c; path = SortedSquares_977.c; sourceTree = "<group>"; };
		10265181224DAC5700D223A6 /* SumEvenAfterQueries_985.h */ = {isa = PBXFileReference; lastKnownFileType = sourcecode.c.h; path = SumEvenAfterQueries_985.h; sourceTree = "<group>"; };
		10265182224DAC5700D223A6 /* SumEvenAfterQueries_985.c */ = {isa = PBXFileReference; lastKnownFileType = sourcecode.c.c; path = SumEvenAfterQueries_985.c; sourceTree = "<group>"; };
		10780357223F45F6009684B6 /* AddTwoNumbers_2.h */ = {isa = PBXFileReference; lastKnownFileType = sourcecode.c.h; path = AddTwoNumbers_2.h; sourceTree = "<group>"; };
		10780358223F45F6009684B6 /* AddTwoNumbers_2.c */ = {isa = PBXFileReference; lastKnownFileType = sourcecode.c.c; path = AddTwoNumbers_2.c; sourceTree = "<group>"; };
		1078035B2240A069009684B6 /* AddToArrayForm_989.h */ = {isa = PBXFileReference; lastKnownFileType = sourcecode.c.h; path = AddToArrayForm_989.h; sourceTree = "<group>"; };
		1078035C2240A069009684B6 /* AddToArrayForm_989.c */ = {isa = PBXFileReference; lastKnownFileType = sourcecode.c.c; path = AddToArrayForm_989.c; sourceTree = "<group>"; };
		1078035F2240EEAB009684B6 /* AddStrings_415.h */ = {isa = PBXFileReference; lastKnownFileType = sourcecode.c.h; path = AddStrings_415.h; sourceTree = "<group>"; };
		107803602240EEAB009684B6 /* AddStrings_415.c */ = {isa = PBXFileReference; lastKnownFileType = sourcecode.c.c; path = AddStrings_415.c; sourceTree = "<group>"; };
		24388DE621BE5CCE002A4F8A /* FindDisappearedNumbers_448.h */ = {isa = PBXFileReference; lastKnownFileType = sourcecode.c.h; path = FindDisappearedNumbers_448.h; sourceTree = "<group>"; };
		24388DE721BE5CCE002A4F8A /* FindDisappearedNumbers_448.c */ = {isa = PBXFileReference; lastKnownFileType = sourcecode.c.c; path = FindDisappearedNumbers_448.c; sourceTree = "<group>"; };
		24388DEE21BF9F14002A4F8A /* FindPairs_532.h */ = {isa = PBXFileReference; lastKnownFileType = sourcecode.c.h; path = FindPairs_532.h; sourceTree = "<group>"; };
		24388DEF21BF9F14002A4F8A /* FindPairs_532.c */ = {isa = PBXFileReference; lastKnownFileType = sourcecode.c.c; path = FindPairs_532.c; sourceTree = "<group>"; };
		245BEC2C21575841005984BE /* ShortestToChar_821.h */ = {isa = PBXFileReference; lastKnownFileType = sourcecode.c.h; path = ShortestToChar_821.h; sourceTree = "<group>"; };
		245BEC2D21575841005984BE /* ShortestToChar_821.c */ = {isa = PBXFileReference; lastKnownFileType = sourcecode.c.c; path = ShortestToChar_821.c; sourceTree = "<group>"; };
		245BEC30215A26B8005984BE /* FirstUniqChar_387.h */ = {isa = PBXFileReference; lastKnownFileType = sourcecode.c.h; path = FirstUniqChar_387.h; sourceTree = "<group>"; };
		245BEC31215A26B8005984BE /* FirstUniqChar_387.c */ = {isa = PBXFileReference; lastKnownFileType = sourcecode.c.c; path = FirstUniqChar_387.c; sourceTree = "<group>"; };
		245BEC34215B09E7005984BE /* NumJewelsInStones_771.h */ = {isa = PBXFileReference; lastKnownFileType = sourcecode.c.h; path = NumJewelsInStones_771.h; sourceTree = "<group>"; };
		245BEC35215B09E7005984BE /* NumJewelsInStones_771.c */ = {isa = PBXFileReference; lastKnownFileType = sourcecode.c.c; path = NumJewelsInStones_771.c; sourceTree = "<group>"; };
		245BEC38215B2701005984BE /* Isomorphic_205.h */ = {isa = PBXFileReference; lastKnownFileType = sourcecode.c.h; path = Isomorphic_205.h; sourceTree = "<group>"; };
		245BEC39215B2701005984BE /* Isomorphic_205.c */ = {isa = PBXFileReference; lastKnownFileType = sourcecode.c.c; path = Isomorphic_205.c; sourceTree = "<group>"; };
		245BEC3C215B604E005984BE /* CompressChars_443.h */ = {isa = PBXFileReference; lastKnownFileType = sourcecode.c.h; path = CompressChars_443.h; sourceTree = "<group>"; };
		245BEC3D215B604E005984BE /* CompressChars_443.c */ = {isa = PBXFileReference; lastKnownFileType = sourcecode.c.c; path = CompressChars_443.c; sourceTree = "<group>"; };
		245BEC40215C914D005984BE /* LicenseKeyFormatting_482.h */ = {isa = PBXFileReference; lastKnownFileType = sourcecode.c.h; path = LicenseKeyFormatting_482.h; sourceTree = "<group>"; };
		245BEC41215C914D005984BE /* LicenseKeyFormatting_482.c */ = {isa = PBXFileReference; lastKnownFileType = sourcecode.c.c; path = LicenseKeyFormatting_482.c; sourceTree = "<group>"; };
		245BEC44216B337B005984BE /* Reverse_7.h */ = {isa = PBXFileReference; lastKnownFileType = sourcecode.c.h; path = Reverse_7.h; sourceTree = "<group>"; };
		245BEC45216B337B005984BE /* Reverse_7.c */ = {isa = PBXFileReference; lastKnownFileType = sourcecode.c.c; path = Reverse_7.c; sourceTree = "<group>"; };
		245BEC48216C4276005984BE /* IsPalindrome_9.h */ = {isa = PBXFileReference; lastKnownFileType = sourcecode.c.h; path = IsPalindrome_9.h; sourceTree = "<group>"; };
		245BEC49216C4276005984BE /* IsPalindrome_9.c */ = {isa = PBXFileReference; lastKnownFileType = sourcecode.c.c; path = IsPalindrome_9.c; sourceTree = "<group>"; };
		245BEC4C216E1845005984BE /* SearchInsert_35.h */ = {isa = PBXFileReference; lastKnownFileType = sourcecode.c.h; path = SearchInsert_35.h; sourceTree = "<group>"; };
		245BEC4D216E1845005984BE /* SearchInsert_35.c */ = {isa = PBXFileReference; lastKnownFileType = sourcecode.c.c; path = SearchInsert_35.c; sourceTree = "<group>"; };
		245BEC502172F9BE005984BE /* LongestCommonPrefix.h */ = {isa = PBXFileReference; lastKnownFileType = sourcecode.c.h; path = LongestCommonPrefix.h; sourceTree = "<group>"; };
		245BEC512172F9BE005984BE /* LongestCommonPrefix.c */ = {isa = PBXFileReference; lastKnownFileType = sourcecode.c.c; path = LongestCommonPrefix.c; sourceTree = "<group>"; };
		245BEC54217316F0005984BE /* StrStr_28.h */ = {isa = PBXFileReference; lastKnownFileType = sourcecode.c.h; path = StrStr_28.h; sourceTree = "<group>"; };
		245BEC55217316F0005984BE /* StrStr_28.c */ = {isa = PBXFileReference; lastKnownFileType = sourcecode.c.c; path = StrStr_28.c; sourceTree = "<group>"; };
		245BEC58217860C1005984BE /* PlusOne_66.h */ = {isa = PBXFileReference; lastKnownFileType = sourcecode.c.h; path = PlusOne_66.h; sourceTree = "<group>"; };
		245BEC59217860C1005984BE /* PlusOne_66.c */ = {isa = PBXFileReference; lastKnownFileType = sourcecode.c.c; path = PlusOne_66.c; sourceTree = "<group>"; };
		24B7F4C321410A7C0051F309 /* ReverseWordsAndReduceSpace_186.h */ = {isa = PBXFileReference; lastKnownFileType = sourcecode.c.h; path = ReverseWordsAndReduceSpace_186.h; sourceTree = "<group>"; };
		24B7F4C421410A7C0051F309 /* ReverseWordsAndReduceSpace_186.c */ = {isa = PBXFileReference; lastKnownFileType = sourcecode.c.c; path = ReverseWordsAndReduceSpace_186.c; sourceTree = "<group>"; };
		24E45767209CAC3C0048DEF7 /* LeetCode */ = {isa = PBXFileReference; explicitFileType = "compiled.mach-o.executable"; includeInIndex = 0; path = LeetCode; sourceTree = BUILT_PRODUCTS_DIR; };
		24E4576A209CAC3C0048DEF7 /* main.m */ = {isa = PBXFileReference; lastKnownFileType = sourcecode.c.objc; path = main.m; sourceTree = "<group>"; };
		24E45771209EB4E00048DEF7 /* TwoSum_1.h */ = {isa = PBXFileReference; lastKnownFileType = sourcecode.c.h; path = TwoSum_1.h; sourceTree = "<group>"; };
		24E45772209EB4E00048DEF7 /* TwoSum_1.c */ = {isa = PBXFileReference; lastKnownFileType = sourcecode.c.c; path = TwoSum_1.c; sourceTree = "<group>"; };
		24E45776209EC3060048DEF7 /* ThreeSum_15.h */ = {isa = PBXFileReference; lastKnownFileType = sourcecode.c.h; path = ThreeSum_15.h; sourceTree = "<group>"; };
		24E45777209EC3060048DEF7 /* ThreeSum_15.c */ = {isa = PBXFileReference; lastKnownFileType = sourcecode.c.c; path = ThreeSum_15.c; sourceTree = "<group>"; };
		24E4577A20A01E840048DEF7 /* QuickSort.h */ = {isa = PBXFileReference; lastKnownFileType = sourcecode.c.h; path = QuickSort.h; sourceTree = "<group>"; };
		24E4577B20A01E840048DEF7 /* QuickSort.c */ = {isa = PBXFileReference; lastKnownFileType = sourcecode.c.c; path = QuickSort.c; sourceTree = "<group>"; };
/* End PBXFileReference section */

/* Begin PBXFrameworksBuildPhase section */
		24E45764209CAC3C0048DEF7 /* Frameworks */ = {
			isa = PBXFrameworksBuildPhase;
			buildActionMask = 2147483647;
			files = (
			);
			runOnlyForDeploymentPostprocessing = 0;
		};
/* End PBXFrameworksBuildPhase section */

/* Begin PBXGroup section */
		101605D3222BBC3600D8D506 /* 80_RemoveDuplicatesfromSortedArrayII */ = {
			isa = PBXGroup;
			children = (
				101605D0222BBA8600D8D506 /* RemoveDuplicatesfromSortedArrayII_80.h */,
				101605D1222BBA8600D8D506 /* RemoveDuplicatesfromSortedArrayII_80.c */,
			);
			path = 80_RemoveDuplicatesfromSortedArrayII;
			sourceTree = "<group>";
		};
		1026509A2243425D00D223A6 /* 2_AddTwoNumbers */ = {
			isa = PBXGroup;
			children = (
				10780357223F45F6009684B6 /* AddTwoNumbers_2.h */,
				10780358223F45F6009684B6 /* AddTwoNumbers_2.c */,
			);
			path = 2_AddTwoNumbers;
			sourceTree = "<group>";
		};
		1026509B2243734800D223A6 /* 21_MergeTwoLists */ = {
			isa = PBXGroup;
			children = (
				1026509C2243737200D223A6 /* MergeTwoLists_21.h */,
				1026509D2243737200D223A6 /* MergeTwoLists_21.c */,
			);
			path = 21_MergeTwoLists;
			sourceTree = "<group>";
		};
		1026509F224375A800D223A6 /* 203_RemoveElements */ = {
			isa = PBXGroup;
			children = (
				102650A0224375CC00D223A6 /* RemoveElements_203.h */,
				102650A1224375CC00D223A6 /* RemoveElements_203.c */,
			);
			path = 203_RemoveElements;
			sourceTree = "<group>";
		};
		102650A32243A3AF00D223A6 /* 344_ReverseString */ = {
			isa = PBXGroup;
			children = (
				102650A42243A4A000D223A6 /* ReverseString_344.h */,
				102650A52243A4A000D223A6 /* ReverseString_344.c */,
			);
			path = 344_ReverseString;
			sourceTree = "<group>";
		};
		102650A72243AAFA00D223A6 /* 541_ReverseStr */ = {
			isa = PBXGroup;
			children = (
				102650A82243AB4800D223A6 /* ReverseStr_541.h */,
				102650A92243AB4800D223A6 /* ReverseStr_541.c */,
			);
			path = 541_ReverseStr;
			sourceTree = "<group>";
		};
		102650AB2243ACFD00D223A6 /* 345_ReverseVowels */ = {
			isa = PBXGroup;
			children = (
				102650AC2243AD1E00D223A6 /* ReverseVowels_345.h */,
				102650AD2243AD1E00D223A6 /* ReverseVowels_345.c */,
			);
			path = 345_ReverseVowels;
			sourceTree = "<group>";
		};
		102650AF2243AEBD00D223A6 /* 557_ReverseWords */ = {
			isa = PBXGroup;
			children = (
				102650B02243AED800D223A6 /* ReverseWords_557.h */,
				102650B12243AED800D223A6 /* ReverseWords_557.c */,
			);
			path = 557_ReverseWords;
			sourceTree = "<group>";
		};
		102650B32243B2D700D223A6 /* Tools */ = {
			isa = PBXGroup;
			children = (
				102650B42243B2E900D223A6 /* Tools.h */,
				102650B52243B2E900D223A6 /* Tools.c */,
			);
			path = Tools;
			sourceTree = "<group>";
		};
		102650B72243B5BF00D223A6 /* 925_IsLongPressedName */ = {
			isa = PBXGroup;
			children = (
				102650B82243B5DE00D223A6 /* IsLongPressedName_925.h */,
				102650B92243B5DE00D223A6 /* IsLongPressedName_925.c */,
			);
			path = 925_IsLongPressedName;
			sourceTree = "<group>";
		};
		102650BB2243B8E700D223A6 /* 202_IsHappy */ = {
			isa = PBXGroup;
			children = (
				102650BC2243B90500D223A6 /* IsHappy_202.h */,
				102650BD2243B90500D223A6 /* IsHappy_202.c */,
			);
			path = 202_IsHappy;
			sourceTree = "<group>";
		};
		102650BF2244681700D223A6 /* 70_ClimbStairs */ = {
			isa = PBXGroup;
			children = (
				102650C02244683700D223A6 /* ClimbStairs_70.h */,
				102650C12244683700D223A6 /* ClimbStairs_70.c */,
			);
			path = 70_ClimbStairs;
			sourceTree = "<group>";
		};
		102650C322446DDE00D223A6 /* 125_IsPalindrome */ = {
			isa = PBXGroup;
			children = (
				102650C422446E0F00D223A6 /* IsPalindrome_125.h */,
				102650C522446E0F00D223A6 /* IsPalindrome_125.c */,
			);
			path = 125_IsPalindrome;
			sourceTree = "<group>";
		};
		102650C7224474CD00D223A6 /* 13_RomanToInt */ = {
			isa = PBXGroup;
			children = (
				102650C8224474E800D223A6 /* RomanToInt_13.h */,
				102650C9224474E800D223A6 /* RomanToInt_13.c */,
			);
			path = 13_RomanToInt;
			sourceTree = "<group>";
		};
		102650CB224476B200D223A6 /* 24_SwapPairs */ = {
			isa = PBXGroup;
			children = (
				102650CC224476C500D223A6 /* SwapPairs_24.h */,
				102650CD224476C500D223A6 /* SwapPairs_24.c */,
			);
			path = 24_SwapPairs;
			sourceTree = "<group>";
		};
		102650CF22447ADF00D223A6 /* 26_RemoveDuplicates */ = {
			isa = PBXGroup;
			children = (
				102650D022447AF400D223A6 /* RemoveDuplicates_26.h */,
				102650D122447AF400D223A6 /* RemoveDuplicates_26.c */,
			);
			path = 26_RemoveDuplicates;
			sourceTree = "<group>";
		};
		102650D6224888EE00D223A6 /* 171_TitleToNumber */ = {
			isa = PBXGroup;
			children = (
				102650D72248892300D223A6 /* TitleToNumber_171.h */,
				102650D82248892300D223A6 /* TitleToNumber_171.c */,
			);
			path = 171_TitleToNumber;
			sourceTree = "<group>";
		};
		102650DA2248BB5F00D223A6 /* 168_ConvertToTitle */ = {
			isa = PBXGroup;
			children = (
				102650DB2248BB8E00D223A6 /* ConvertToTitle_168.h */,
				102650DC2248BB8E00D223A6 /* ConvertToTitle_168.c */,
			);
			path = 168_ConvertToTitle;
			sourceTree = "<group>";
		};
		102650DE2249DF9E00D223A6 /* 836_IsRectangleOverlap */ = {
			isa = PBXGroup;
			children = (
				102650DF2249DFD300D223A6 /* IsRectangleOverlap_836.h */,
				102650E02249DFD300D223A6 /* IsRectangleOverlap_836.c */,
			);
			path = 836_IsRectangleOverlap;
			sourceTree = "<group>";
		};
		102650E22249E15700D223A6 /* 223_ComputeArea */ = {
			isa = PBXGroup;
			children = (
				102650E32249E17400D223A6 /* ComputeArea_223.h */,
				102650E42249E17400D223A6 /* ComputeArea_223.c */,
			);
			path = 223_ComputeArea;
			sourceTree = "<group>";
		};
		102650E6224A07B300D223A6 /* 258_AddDigits */ = {
			isa = PBXGroup;
			children = (
				102650E7224A07D600D223A6 /* AddDigits_258.h */,
				102650E8224A07D600D223A6 /* AddDigits_258.c */,
			);
			path = 258_AddDigits;
			sourceTree = "<group>";
		};
		102650EA224A20B300D223A6 /* 27_RemoveElement */ = {
			isa = PBXGroup;
			children = (
				102650EB224A20CF00D223A6 /* RemoveElement_27.h */,
				102650EC224A20CF00D223A6 /* RemoveElement_27.c */,
			);
			path = 27_RemoveElement;
			sourceTree = "<group>";
		};
		102650EE224A244600D223A6 /* 58_LengthOfLastWord */ = {
			isa = PBXGroup;
			children = (
				102650EF224A246A00D223A6 /* LengthOfLastWord_58.h */,
				102650F0224A246A00D223A6 /* LengthOfLastWord_58.c */,
			);
			path = 58_LengthOfLastWord;
			sourceTree = "<group>";
		};
		102650F2224A292900D223A6 /* 67_AddBinary */ = {
			isa = PBXGroup;
			children = (
				102650F3224A294200D223A6 /* AddBinary_67.h */,
				102650F4224A294200D223A6 /* AddBinary_67.c */,
			);
			path = 67_AddBinary;
			sourceTree = "<group>";
		};
		102650F6224A2AF400D223A6 /* 69_MySqrt */ = {
			isa = PBXGroup;
			children = (
				102650F7224A2B2300D223A6 /* MySqrt_69.h */,
				102650F8224A2B2300D223A6 /* MySqrt_69.c */,
			);
			path = 69_MySqrt;
			sourceTree = "<group>";
		};
		102650FA224A325A00D223A6 /* 82_DeleteDuplicates */ = {
			isa = PBXGroup;
			children = (
				102650FB224A327C00D223A6 /* DeleteDuplicates_82.h */,
				102650FC224A327C00D223A6 /* DeleteDuplicates_82.c */,
			);
			path = 82_DeleteDuplicates;
			sourceTree = "<group>";
		};
		102650FE224A4A6300D223A6 /* 83_DeleteDuplicates */ = {
			isa = PBXGroup;
			children = (
				102650FF224A4A8700D223A6 /* DeleteDuplicates_83.h */,
				10265100224A4A8700D223A6 /* DeleteDuplicates_83.c */,
			);
			path = 83_DeleteDuplicates;
			sourceTree = "<group>";
		};
		10265102224A4BA800D223A6 /* 88_Merge */ = {
			isa = PBXGroup;
			children = (
				10265103224A4BC500D223A6 /* Merge_88.h */,
				10265104224A4BC500D223A6 /* Merge_88.c */,
			);
			path = 88_Merge;
			sourceTree = "<group>";
		};
		10265106224A4E6100D223A6 /* 136_SingleNumber */ = {
			isa = PBXGroup;
			children = (
				10265107224A4E8E00D223A6 /* SingleNumber_136.h */,
				10265108224A4E8E00D223A6 /* SingleNumber_136.c */,
			);
			path = 136_SingleNumber;
			sourceTree = "<group>";
		};
		1026510A224AEF5400D223A6 /* 137_SingleNumber */ = {
			isa = PBXGroup;
			children = (
				1026510B224AEFA500D223A6 /* SingleNumber_137.h */,
				1026510C224AEFA500D223A6 /* SingleNumber_137.c */,
			);
			path = 137_SingleNumber;
			sourceTree = "<group>";
		};
		1026510E224AF0B000D223A6 /* 141_HasCycle */ = {
			isa = PBXGroup;
			children = (
				1026510F224AF0E300D223A6 /* HasCycle_141.h */,
				10265110224AF0E300D223A6 /* HasCycle_141.c */,
			);
			path = 141_HasCycle;
			sourceTree = "<group>";
		};
		10265112224B124900D223A6 /* 142_DetectCycle */ = {
			isa = PBXGroup;
			children = (
				10265113224B126800D223A6 /* DetectCycle_142.h */,
				10265114224B126800D223A6 /* DetectCycle_142.c */,
			);
			path = 142_DetectCycle;
			sourceTree = "<group>";
		};
		10265116224B14A300D223A6 /* 147_InsertionSortList */ = {
			isa = PBXGroup;
			children = (
				10265117224B14BA00D223A6 /* InsertionSortList_147.h */,
				10265118224B14BA00D223A6 /* InsertionSortList_147.c */,
			);
			path = 147_InsertionSortList;
			sourceTree = "<group>";
		};
		1026511A224B15F700D223A6 /* 172_TrailingZeroes */ = {
			isa = PBXGroup;
			children = (
				1026511B224B161500D223A6 /* TrailingZeroes_172.h */,
				1026511C224B161500D223A6 /* TrailingZeroes_172.c */,
			);
			path = 172_TrailingZeroes;
			sourceTree = "<group>";
		};
		1026511E224B17B600D223A6 /* 189_Rotate */ = {
			isa = PBXGroup;
			children = (
				1026511F224B17C900D223A6 /* Rotate_189.h */,
				10265120224B17C900D223A6 /* Rotate_189.c */,
			);
			path = 189_Rotate;
			sourceTree = "<group>";
		};
		10265122224B19CC00D223A6 /* 206_ReverseList */ = {
			isa = PBXGroup;
			children = (
				10265123224B1A1400D223A6 /* ReverseList_206.h */,
				10265124224B1A1400D223A6 /* ReverseList_206.c */,
			);
			path = 206_ReverseList;
			sourceTree = "<group>";
		};
		10265126224B1D2500D223A6 /* 217_ContainsDuplicate */ = {
			isa = PBXGroup;
			children = (
				10265127224B1D4C00D223A6 /* ContainsDuplicate_217.h */,
				10265128224B1D4C00D223A6 /* ContainsDuplicate_217.c */,
			);
			path = 217_ContainsDuplicate;
			sourceTree = "<group>";
		};
		1026512A224B1EDD00D223A6 /* 219_ContainsNearbyDuplicate */ = {
			isa = PBXGroup;
			children = (
				1026512B224B1EF700D223A6 /* ContainsNearbyDuplicate_219.h */,
				1026512C224B1EF700D223A6 /* ContainsNearbyDuplicate_219.c */,
			);
			path = 219_ContainsNearbyDuplicate;
			sourceTree = "<group>";
		};
		1026512E224B205700D223A6 /* 220_ContainsNearbyAlmostDuplicate */ = {
			isa = PBXGroup;
			children = (
				1026512F224B20AC00D223A6 /* ContainsNearbyAlmostDuplicate_220.h */,
				10265130224B20AC00D223A6 /* ContainsNearbyAlmostDuplicate_220.c */,
			);
			path = 220_ContainsNearbyAlmostDuplicate;
			sourceTree = "<group>";
		};
		10265133224B2AA000D223A6 /* 225_MyStackCreate */ = {
			isa = PBXGroup;
			children = (
				10265134224B2B0C00D223A6 /* MyStackCreate_225.h */,
				10265135224B2B0C00D223A6 /* MyStackCreate_225.c */,
			);
			path = 225_MyStackCreate;
			sourceTree = "<group>";
		};
		10265137224B2C4E00D223A6 /* 231_IsPowerOfTwo */ = {
			isa = PBXGroup;
			children = (
				10265138224B2C7100D223A6 /* IsPowerOfTwo_231.h */,
				10265139224B2C7100D223A6 /* IsPowerOfTwo_231.c */,
			);
			path = 231_IsPowerOfTwo;
			sourceTree = "<group>";
		};
		1026513B224C688000D223A6 /* 268_MissingNumber */ = {
			isa = PBXGroup;
			children = (
				1026513C224C68A000D223A6 /* MissingNumber_268.h */,
				1026513D224C68A000D223A6 /* MissingNumber_268.c */,
			);
			path = 268_MissingNumber;
			sourceTree = "<group>";
		};
		1026513F224C6F9E00D223A6 /* 278_FirstBadVersion */ = {
			isa = PBXGroup;
			children = (
				10265140224C6FC800D223A6 /* FirstBadVersion_278.h */,
				10265141224C6FC800D223A6 /* FirstBadVersion_278.c */,
			);
			path = 278_FirstBadVersion;
			sourceTree = "<group>";
		};
		10265143224C70DA00D223A6 /* 283_MoveZeroes */ = {
			isa = PBXGroup;
			children = (
				10265144224C710D00D223A6 /* MoveZeroes_283.h */,
				10265145224C710D00D223A6 /* MoveZeroes_283.c */,
			);
			path = 283_MoveZeroes;
			sourceTree = "<group>";
		};
		10265148224C730E00D223A6 /* 292_CanWinNim */ = {
			isa = PBXGroup;
			children = (
				10265149224C732A00D223A6 /* CanWinNim_292.h */,
				1026514A224C732A00D223A6 /* CanWinNim_292.c */,
			);
			path = 292_CanWinNim;
			sourceTree = "<group>";
		};
		1026514C224C754E00D223A6 /* 319_BulbSwitch */ = {
			isa = PBXGroup;
			children = (
				1026514D224C757100D223A6 /* BulbSwitch_319.h */,
				1026514E224C757100D223A6 /* BulbSwitch_319.c */,
			);
			path = 319_BulbSwitch;
			sourceTree = "<group>";
		};
		10265150224C76DD00D223A6 /* 326_IsPowerOfThree */ = {
			isa = PBXGroup;
			children = (
				10265151224C771D00D223A6 /* IsPowerOfThree_326.h */,
				10265152224C771D00D223A6 /* IsPowerOfThree_326.c */,
			);
			path = 326_IsPowerOfThree;
			sourceTree = "<group>";
		};
		10265154224C7F6400D223A6 /* 342_IsPowerOfFour */ = {
			isa = PBXGroup;
			children = (
				10265155224C7F9A00D223A6 /* IsPowerOfFour_342.h */,
				10265156224C7F9A00D223A6 /* IsPowerOfFour_342.c */,
			);
			path = 342_IsPowerOfFour;
			sourceTree = "<group>";
		};
		10265158224CABA100D223A6 /* 349_Intersection */ = {
			isa = PBXGroup;
			children = (
				10265159224CABC200D223A6 /* Intersection_349.h */,
				1026515A224CABC200D223A6 /* Intersection_349.c */,
			);
			path = 349_Intersection;
			sourceTree = "<group>";
		};
		1026515C224CADF700D223A6 /* 367_IsPerfectSquare */ = {
			isa = PBXGroup;
			children = (
				1026515D224CAE3A00D223A6 /* IsPerfectSquare_367.h */,
				1026515E224CAE3A00D223A6 /* IsPerfectSquare_367.c */,
			);
			path = 367_IsPerfectSquare;
			sourceTree = "<group>";
		};
		10265160224CB05800D223A6 /* 374_GuessNumber */ = {
			isa = PBXGroup;
			children = (
				10265161224CB0DF00D223A6 /* GuessNumber_374.cpp */,
				10265162224CB0DF00D223A6 /* GuessNumber_374.hpp */,
			);
			path = 374_GuessNumber;
			sourceTree = "<group>";
		};
		10265164224CB1A400D223A6 /* 389_FindTheDifference */ = {
			isa = PBXGroup;
			children = (
				10265165224CB1DF00D223A6 /* FindTheDifference_389.h */,
				10265166224CB1DF00D223A6 /* FindTheDifference_389.c */,
			);
			path = 389_FindTheDifference;
			sourceTree = "<group>";
		};
		10265168224CB3CD00D223A6 /* 434_CountSegments */ = {
			isa = PBXGroup;
			children = (
				10265169224CB41200D223A6 /* CountSegments_434.h */,
				1026516A224CB41200D223A6 /* CountSegments_434.c */,
			);
			path = 434_CountSegments;
			sourceTree = "<group>";
		};
		1026516C224CB57900D223A6 /* 633_JudgeSquareSum */ = {
			isa = PBXGroup;
			children = (
				1026516D224CB59C00D223A6 /* JudgeSquareSum_633.h */,
				1026516E224CB59C00D223A6 /* JudgeSquareSum_633.c */,
			);
			path = 633_JudgeSquareSum;
			sourceTree = "<group>";
		};
		10265170224CD2BC00D223A6 /* 777_CanTransform */ = {
			isa = PBXGroup;
			children = (
				10265171224CD2ED00D223A6 /* CanTransform_777.h */,
				10265172224CD2ED00D223A6 /* CanTransform_777.c */,
			);
			path = 777_CanTransform;
			sourceTree = "<group>";
		};
		10265174224CD45900D223A6 /* 844_BackspaceCompare */ = {
			isa = PBXGroup;
			children = (
				10265175224CD47700D223A6 /* BackspaceCompare_844.h */,
				10265176224CD47700D223A6 /* BackspaceCompare_844.c */,
			);
			path = 844_BackspaceCompare;
			sourceTree = "<group>";
		};
		10265178224CD7AC00D223A6 /* 876_MiddleNode */ = {
			isa = PBXGroup;
			children = (
				10265179224CD80900D223A6 /* MiddleNode_876.h */,
				1026517A224CD80900D223A6 /* MiddleNode_876.c */,
			);
			path = 876_MiddleNode;
			sourceTree = "<group>";
		};
		1026517C224CDFEF00D223A6 /* 977_SortedSquares */ = {
			isa = PBXGroup;
			children = (
				1026517D224CE02900D223A6 /* SortedSquares_977.h */,
				1026517E224CE02900D223A6 /* SortedSquares_977.c */,
			);
			path = 977_SortedSquares;
			sourceTree = "<group>";
		};
		10265180224DAC3D00D223A6 /* 985_SumEvenAfterQueries */ = {
			isa = PBXGroup;
			children = (
				10265181224DAC5700D223A6 /* SumEvenAfterQueries_985.h */,
				10265182224DAC5700D223A6 /* SumEvenAfterQueries_985.c */,
			);
			path = 985_SumEvenAfterQueries;
			sourceTree = "<group>";
		};
		1078035A2240A039009684B6 /* 989_AddToArrayForm */ = {
			isa = PBXGroup;
			children = (
				1078035B2240A069009684B6 /* AddToArrayForm_989.h */,
				1078035C2240A069009684B6 /* AddToArrayForm_989.c */,
			);
			path = 989_AddToArrayForm;
			sourceTree = "<group>";
		};
		1078035E2240EE85009684B6 /* 415_AddStrings */ = {
			isa = PBXGroup;
			children = (
				1078035F2240EEAB009684B6 /* AddStrings_415.h */,
				107803602240EEAB009684B6 /* AddStrings_415.c */,
			);
			path = 415_AddStrings;
			sourceTree = "<group>";
		};
		24388DE521BE5C94002A4F8A /* 448_FindDisappearedNumbers */ = {
			isa = PBXGroup;
			children = (
				24388DE621BE5CCE002A4F8A /* FindDisappearedNumbers_448.h */,
				24388DE721BE5CCE002A4F8A /* FindDisappearedNumbers_448.c */,
			);
			path = 448_FindDisappearedNumbers;
			sourceTree = "<group>";
		};
		24388DED21BF9EE5002A4F8A /* 532_FindPairs */ = {
			isa = PBXGroup;
			children = (
				24388DEE21BF9F14002A4F8A /* FindPairs_532.h */,
				24388DEF21BF9F14002A4F8A /* FindPairs_532.c */,
			);
			path = 532_FindPairs;
			sourceTree = "<group>";
		};
		245BEC2B21575817005984BE /* 821_ShortestToChar */ = {
			isa = PBXGroup;
			children = (
				245BEC2C21575841005984BE /* ShortestToChar_821.h */,
				245BEC2D21575841005984BE /* ShortestToChar_821.c */,
			);
			path = 821_ShortestToChar;
			sourceTree = "<group>";
		};
		245BEC2F215A2680005984BE /* 387_FirstUniqChar */ = {
			isa = PBXGroup;
			children = (
				245BEC30215A26B8005984BE /* FirstUniqChar_387.h */,
				245BEC31215A26B8005984BE /* FirstUniqChar_387.c */,
			);
			path = 387_FirstUniqChar;
			sourceTree = "<group>";
		};
		245BEC33215B09BE005984BE /* 771_NumJewelsInStones */ = {
			isa = PBXGroup;
			children = (
				245BEC34215B09E7005984BE /* NumJewelsInStones_771.h */,
				245BEC35215B09E7005984BE /* NumJewelsInStones_771.c */,
			);
			path = 771_NumJewelsInStones;
			sourceTree = "<group>";
		};
		245BEC37215B26E7005984BE /* 205_Isomorphic */ = {
			isa = PBXGroup;
			children = (
				245BEC38215B2701005984BE /* Isomorphic_205.h */,
				245BEC39215B2701005984BE /* Isomorphic_205.c */,
			);
			path = 205_Isomorphic;
			sourceTree = "<group>";
		};
		245BEC3B215B6023005984BE /* 443_CompressChars */ = {
			isa = PBXGroup;
			children = (
				245BEC3C215B604E005984BE /* CompressChars_443.h */,
				245BEC3D215B604E005984BE /* CompressChars_443.c */,
			);
			path = 443_CompressChars;
			sourceTree = "<group>";
		};
		245BEC3F215C9110005984BE /* 482_LicenseKeyFormatting */ = {
			isa = PBXGroup;
			children = (
				245BEC40215C914D005984BE /* LicenseKeyFormatting_482.h */,
				245BEC41215C914D005984BE /* LicenseKeyFormatting_482.c */,
			);
			path = 482_LicenseKeyFormatting;
			sourceTree = "<group>";
		};
		245BEC43216B3350005984BE /* 7_Reverse */ = {
			isa = PBXGroup;
			children = (
				245BEC44216B337B005984BE /* Reverse_7.h */,
				245BEC45216B337B005984BE /* Reverse_7.c */,
			);
			path = 7_Reverse;
			sourceTree = "<group>";
		};
		245BEC47216C424F005984BE /* 9_IsPalindrome */ = {
			isa = PBXGroup;
			children = (
				245BEC48216C4276005984BE /* IsPalindrome_9.h */,
				245BEC49216C4276005984BE /* IsPalindrome_9.c */,
			);
			path = 9_IsPalindrome;
			sourceTree = "<group>";
		};
		245BEC4B216E1825005984BE /* 35_SearchInsert */ = {
			isa = PBXGroup;
			children = (
				245BEC4C216E1845005984BE /* SearchInsert_35.h */,
				245BEC4D216E1845005984BE /* SearchInsert_35.c */,
			);
			path = 35_SearchInsert;
			sourceTree = "<group>";
		};
		245BEC4F2172F991005984BE /* 14_LongestCommonPrefix */ = {
			isa = PBXGroup;
			children = (
				245BEC502172F9BE005984BE /* LongestCommonPrefix.h */,
				245BEC512172F9BE005984BE /* LongestCommonPrefix.c */,
			);
			path = 14_LongestCommonPrefix;
			sourceTree = "<group>";
		};
		245BEC53217316C5005984BE /* 28_StrStr */ = {
			isa = PBXGroup;
			children = (
				245BEC54217316F0005984BE /* StrStr_28.h */,
				245BEC55217316F0005984BE /* StrStr_28.c */,
			);
			path = 28_StrStr;
			sourceTree = "<group>";
		};
		245BEC5721786093005984BE /* 66_PlusOne */ = {
			isa = PBXGroup;
			children = (
				245BEC58217860C1005984BE /* PlusOne_66.h */,
				245BEC59217860C1005984BE /* PlusOne_66.c */,
			);
			path = 66_PlusOne;
			sourceTree = "<group>";
		};
		24B7F4C221410A200051F309 /* 186_ReverseWordsAndReduceSpace */ = {
			isa = PBXGroup;
			children = (
				24B7F4C321410A7C0051F309 /* ReverseWordsAndReduceSpace_186.h */,
				24B7F4C421410A7C0051F309 /* ReverseWordsAndReduceSpace_186.c */,
			);
			path = 186_ReverseWordsAndReduceSpace;
			sourceTree = "<group>";
		};
		24E4575E209CAC3C0048DEF7 = {
			isa = PBXGroup;
			children = (
				24E45769209CAC3C0048DEF7 /* LeetCode */,
				24E45768209CAC3C0048DEF7 /* Products */,
			);
			sourceTree = "<group>";
		};
		24E45768209CAC3C0048DEF7 /* Products */ = {
			isa = PBXGroup;
			children = (
				24E45767209CAC3C0048DEF7 /* LeetCode */,
			);
			name = Products;
			sourceTree = "<group>";
		};
		24E45769209CAC3C0048DEF7 /* LeetCode */ = {
			isa = PBXGroup;
			children = (
				24E45774209EB4E40048DEF7 /* 1_TwoSum */,
				1026509A2243425D00D223A6 /* 2_AddTwoNumbers */,
				245BEC43216B3350005984BE /* 7_Reverse */,
				245BEC47216C424F005984BE /* 9_IsPalindrome */,
				102650C7224474CD00D223A6 /* 13_RomanToInt */,
				245BEC4F2172F991005984BE /* 14_LongestCommonPrefix */,
				24E45775209EC2EE0048DEF7 /* 15_ThreeSum */,
				1026509B2243734800D223A6 /* 21_MergeTwoLists */,
				102650CB224476B200D223A6 /* 24_SwapPairs */,
				102650CF22447ADF00D223A6 /* 26_RemoveDuplicates */,
				102650EA224A20B300D223A6 /* 27_RemoveElement */,
				245BEC53217316C5005984BE /* 28_StrStr */,
				245BEC4B216E1825005984BE /* 35_SearchInsert */,
				102650EE224A244600D223A6 /* 58_LengthOfLastWord */,
				245BEC5721786093005984BE /* 66_PlusOne */,
				102650F2224A292900D223A6 /* 67_AddBinary */,
				102650F6224A2AF400D223A6 /* 69_MySqrt */,
				102650BF2244681700D223A6 /* 70_ClimbStairs */,
				101605D3222BBC3600D8D506 /* 80_RemoveDuplicatesfromSortedArrayII */,
				102650FA224A325A00D223A6 /* 82_DeleteDuplicates */,
				102650FE224A4A6300D223A6 /* 83_DeleteDuplicates */,
				10265102224A4BA800D223A6 /* 88_Merge */,
				102650C322446DDE00D223A6 /* 125_IsPalindrome */,
				10265106224A4E6100D223A6 /* 136_SingleNumber */,
				1026510A224AEF5400D223A6 /* 137_SingleNumber */,
				1026510E224AF0B000D223A6 /* 141_HasCycle */,
				10265112224B124900D223A6 /* 142_DetectCycle */,
				10265116224B14A300D223A6 /* 147_InsertionSortList */,
				102650DA2248BB5F00D223A6 /* 168_ConvertToTitle */,
				102650D6224888EE00D223A6 /* 171_TitleToNumber */,
				1026511A224B15F700D223A6 /* 172_TrailingZeroes */,
				24B7F4C221410A200051F309 /* 186_ReverseWordsAndReduceSpace */,
				1026511E224B17B600D223A6 /* 189_Rotate */,
				102650BB2243B8E700D223A6 /* 202_IsHappy */,
				1026509F224375A800D223A6 /* 203_RemoveElements */,
				245BEC37215B26E7005984BE /* 205_Isomorphic */,
				10265122224B19CC00D223A6 /* 206_ReverseList */,
				10265126224B1D2500D223A6 /* 217_ContainsDuplicate */,
				1026512A224B1EDD00D223A6 /* 219_ContainsNearbyDuplicate */,
				1026512E224B205700D223A6 /* 220_ContainsNearbyAlmostDuplicate */,
				102650E22249E15700D223A6 /* 223_ComputeArea */,
				10265133224B2AA000D223A6 /* 225_MyStackCreate */,
				10265137224B2C4E00D223A6 /* 231_IsPowerOfTwo */,
				102650E6224A07B300D223A6 /* 258_AddDigits */,
				1026513B224C688000D223A6 /* 268_MissingNumber */,
				1026513F224C6F9E00D223A6 /* 278_FirstBadVersion */,
				10265143224C70DA00D223A6 /* 283_MoveZeroes */,
				10265148224C730E00D223A6 /* 292_CanWinNim */,
				1026514C224C754E00D223A6 /* 319_BulbSwitch */,
				10265150224C76DD00D223A6 /* 326_IsPowerOfThree */,
				10265154224C7F6400D223A6 /* 342_IsPowerOfFour */,
				102650A32243A3AF00D223A6 /* 344_ReverseString */,
				102650AB2243ACFD00D223A6 /* 345_ReverseVowels */,
				10265158224CABA100D223A6 /* 349_Intersection */,
				1026515C224CADF700D223A6 /* 367_IsPerfectSquare */,
				10265160224CB05800D223A6 /* 374_GuessNumber */,
				245BEC2F215A2680005984BE /* 387_FirstUniqChar */,
				10265164224CB1A400D223A6 /* 389_FindTheDifference */,
				1078035E2240EE85009684B6 /* 415_AddStrings */,
				10265168224CB3CD00D223A6 /* 434_CountSegments */,
				245BEC3B215B6023005984BE /* 443_CompressChars */,
				24388DE521BE5C94002A4F8A /* 448_FindDisappearedNumbers */,
				245BEC3F215C9110005984BE /* 482_LicenseKeyFormatting */,
				24388DED21BF9EE5002A4F8A /* 532_FindPairs */,
				102650A72243AAFA00D223A6 /* 541_ReverseStr */,
				102650AF2243AEBD00D223A6 /* 557_ReverseWords */,
				1026516C224CB57900D223A6 /* 633_JudgeSquareSum */,
				245BEC33215B09BE005984BE /* 771_NumJewelsInStones */,
				10265170224CD2BC00D223A6 /* 777_CanTransform */,
				245BEC2B21575817005984BE /* 821_ShortestToChar */,
				102650DE2249DF9E00D223A6 /* 836_IsRectangleOverlap */,
				10265174224CD45900D223A6 /* 844_BackspaceCompare */,
				10265178224CD7AC00D223A6 /* 876_MiddleNode */,
				102650B72243B5BF00D223A6 /* 925_IsLongPressedName */,
				1026517C224CDFEF00D223A6 /* 977_SortedSquares */,
				10265180224DAC3D00D223A6 /* 985_SumEvenAfterQueries */,
				1078035A2240A039009684B6 /* 989_AddToArrayForm */,
				24E4576A209CAC3C0048DEF7 /* main.m */,
				24E4577920A01E640048DEF7 /* QuickSort */,
				102650B32243B2D700D223A6 /* Tools */,
			);
			path = LeetCode;
			sourceTree = "<group>";
		};
		24E45774209EB4E40048DEF7 /* 1_TwoSum */ = {
			isa = PBXGroup;
			children = (
				24E45771209EB4E00048DEF7 /* TwoSum_1.h */,
				24E45772209EB4E00048DEF7 /* TwoSum_1.c */,
			);
			path = 1_TwoSum;
			sourceTree = "<group>";
		};
		24E45775209EC2EE0048DEF7 /* 15_ThreeSum */ = {
			isa = PBXGroup;
			children = (
				24E45776209EC3060048DEF7 /* ThreeSum_15.h */,
				24E45777209EC3060048DEF7 /* ThreeSum_15.c */,
			);
			path = 15_ThreeSum;
			sourceTree = "<group>";
		};
		24E4577920A01E640048DEF7 /* QuickSort */ = {
			isa = PBXGroup;
			children = (
				24E4577A20A01E840048DEF7 /* QuickSort.h */,
				24E4577B20A01E840048DEF7 /* QuickSort.c */,
			);
			path = QuickSort;
			sourceTree = "<group>";
		};
/* End PBXGroup section */

/* Begin PBXNativeTarget section */
		24E45766209CAC3C0048DEF7 /* LeetCode */ = {
			isa = PBXNativeTarget;
			buildConfigurationList = 24E4576E209CAC3C0048DEF7 /* Build configuration list for PBXNativeTarget "LeetCode" */;
			buildPhases = (
				24E45763209CAC3C0048DEF7 /* Sources */,
				24E45764209CAC3C0048DEF7 /* Frameworks */,
				24E45765209CAC3C0048DEF7 /* CopyFiles */,
			);
			buildRules = (
			);
			dependencies = (
			);
			name = LeetCode;
			productName = LeetCode;
			productReference = 24E45767209CAC3C0048DEF7 /* LeetCode */;
			productType = "com.apple.product-type.tool";
		};
/* End PBXNativeTarget section */

/* Begin PBXProject section */
		24E4575F209CAC3C0048DEF7 /* Project object */ = {
			isa = PBXProject;
			attributes = {
				LastUpgradeCheck = 0930;
				ORGANIZATIONNAME = desezed;
				TargetAttributes = {
					24E45766209CAC3C0048DEF7 = {
						CreatedOnToolsVersion = 9.3;
					};
				};
			};
			buildConfigurationList = 24E45762209CAC3C0048DEF7 /* Build configuration list for PBXProject "LeetCode" */;
			compatibilityVersion = "Xcode 9.3";
			developmentRegion = en;
			hasScannedForEncodings = 0;
			knownRegions = (
				en,
			);
			mainGroup = 24E4575E209CAC3C0048DEF7;
			productRefGroup = 24E45768209CAC3C0048DEF7 /* Products */;
			projectDirPath = "";
			projectRoot = "";
			targets = (
				24E45766209CAC3C0048DEF7 /* LeetCode */,
			);
		};
/* End PBXProject section */

/* Begin PBXSourcesBuildPhase section */
		24E45763209CAC3C0048DEF7 /* Sources */ = {
			isa = PBXSourcesBuildPhase;
			buildActionMask = 2147483647;
			files = (
				10265111224AF0E300D223A6 /* HasCycle_141.c in Sources */,
				10265167224CB1DF00D223A6 /* FindTheDifference_389.c in Sources */,
				101605D2222BBA8600D8D506 /* RemoveDuplicatesfromSortedArrayII_80.c in Sources */,
				10265115224B126800D223A6 /* DetectCycle_142.c in Sources */,
				10265109224A4E8E00D223A6 /* SingleNumber_136.c in Sources */,
				10265177224CD47700D223A6 /* BackspaceCompare_844.c in Sources */,
				24388DF021BF9F14002A4F8A /* FindPairs_532.c in Sources */,
				10265153224C771D00D223A6 /* IsPowerOfThree_326.c in Sources */,
				107803612240EEAB009684B6 /* AddStrings_415.c in Sources */,
				245BEC4E216E1845005984BE /* SearchInsert_35.c in Sources */,
				102650E52249E17400D223A6 /* ComputeArea_223.c in Sources */,
				1026513A224B2C7100D223A6 /* IsPowerOfTwo_231.c in Sources */,
				102650F1224A246A00D223A6 /* LengthOfLastWord_58.c in Sources */,
				245BEC42215C914D005984BE /* LicenseKeyFormatting_482.c in Sources */,
				245BEC2E21575841005984BE /* ShortestToChar_821.c in Sources */,
				1026509E2243737200D223A6 /* MergeTwoLists_21.c in Sources */,
				10265119224B14BA00D223A6 /* InsertionSortList_147.c in Sources */,
				245BEC522172F9BE005984BE /* LongestCommonPrefix.c in Sources */,
				245BEC3E215B604E005984BE /* CompressChars_443.c in Sources */,
				245BEC36215B09E7005984BE /* NumJewelsInStones_771.c in Sources */,
				102650A2224375CC00D223A6 /* RemoveElements_203.c in Sources */,
				245BEC3A215B2701005984BE /* Isomorphic_205.c in Sources */,
				10265131224B20AC00D223A6 /* ContainsNearbyAlmostDuplicate_220.c in Sources */,
				102650E9224A07D600D223A6 /* AddDigits_258.c in Sources */,
				1026516B224CB41200D223A6 /* CountSegments_434.c in Sources */,
				10265129224B1D4C00D223A6 /* ContainsDuplicate_217.c in Sources */,
				1026511D224B161500D223A6 /* TrailingZeroes_172.c in Sources */,
				10265136224B2B0C00D223A6 /* MyStackCreate_225.c in Sources */,
				102650FD224A327C00D223A6 /* DeleteDuplicates_82.c in Sources */,
				245BEC56217316F0005984BE /* StrStr_28.c in Sources */,
				102650A62243A4A000D223A6 /* ReverseString_344.c in Sources */,
				1026515F224CAE3A00D223A6 /* IsPerfectSquare_367.c in Sources */,
				1026514F224C757100D223A6 /* BulbSwitch_319.c in Sources */,
				10265142224C6FC800D223A6 /* FirstBadVersion_278.c in Sources */,
				102650CA224474E800D223A6 /* RomanToInt_13.c in Sources */,
				10265125224B1A1400D223A6 /* ReverseList_206.c in Sources */,
				1026514B224C732A00D223A6 /* CanWinNim_292.c in Sources */,
				10265157224C7F9A00D223A6 /* IsPowerOfFour_342.c in Sources */,
				24E45773209EB4E00048DEF7 /* TwoSum_1.c in Sources */,
				1026513E224C68A000D223A6 /* MissingNumber_268.c in Sources */,
				102650BE2243B90500D223A6 /* IsHappy_202.c in Sources */,
				1026515B224CABC200D223A6 /* Intersection_349.c in Sources */,
				10265105224A4BC500D223A6 /* Merge_88.c in Sources */,
				102650B22243AED800D223A6 /* ReverseWords_557.c in Sources */,
				102650ED224A20CF00D223A6 /* RemoveElement_27.c in Sources */,
				10265121224B17C900D223A6 /* Rotate_189.c in Sources */,
				102650F5224A294200D223A6 /* AddBinary_67.c in Sources */,
				102650C622446E0F00D223A6 /* IsPalindrome_125.c in Sources */,
				102650AA2243AB4800D223A6 /* ReverseStr_541.c in Sources */,
				245BEC46216B337B005984BE /* Reverse_7.c in Sources */,
				10265183224DAC5700D223A6 /* SumEvenAfterQueries_985.c in Sources */,
				245BEC5A217860C2005984BE /* PlusOne_66.c in Sources */,
				102650CE224476C500D223A6 /* SwapPairs_24.c in Sources */,
				1078035D2240A069009684B6 /* AddToArrayForm_989.c in Sources */,
				10265146224C710D00D223A6 /* MoveZeroes_283.c in Sources */,
				24388DE821BE5CCE002A4F8A /* FindDisappearedNumbers_448.c in Sources */,
				102650B62243B2E900D223A6 /* Tools.c in Sources */,
				102650D92248892300D223A6 /* TitleToNumber_171.c in Sources */,
				10265101224A4A8700D223A6 /* DeleteDuplicates_83.c in Sources */,
				24B7F4C521410A7C0051F309 /* ReverseWordsAndReduceSpace_186.c in Sources */,
				102650C22244683700D223A6 /* ClimbStairs_70.c in Sources */,
				10265163224CB0DF00D223A6 /* GuessNumber_374.cpp in Sources */,
				24E4577C20A01E840048DEF7 /* QuickSort.c in Sources */,
				1026517B224CD80900D223A6 /* MiddleNode_876.c in Sources */,
				1026517F224CE02900D223A6 /* SortedSquares_977.c in Sources */,
				245BEC4A216C4276005984BE /* IsPalindrome_9.c in Sources */,
				1026512D224B1EF700D223A6 /* ContainsNearbyDuplicate_219.c in Sources */,
				102650AE2243AD1E00D223A6 /* ReverseVowels_345.c in Sources */,
				10780359223F45F6009684B6 /* AddTwoNumbers_2.c in Sources */,
				10265173224CD2ED00D223A6 /* CanTransform_777.c in Sources */,
				102650D222447AF400D223A6 /* RemoveDuplicates_26.c in Sources */,
				1026516F224CB59C00D223A6 /* JudgeSquareSum_633.c in Sources */,
				102650BA2243B5DE00D223A6 /* IsLongPressedName_925.c in Sources */,
				102650F9224A2B2300D223A6 /* MySqrt_69.c in Sources */,
				1026510D224AEFA500D223A6 /* SingleNumber_137.c in Sources */,
				102650E12249DFD300D223A6 /* IsRectangleOverlap_836.c in Sources */,
				24E45778209EC3060048DEF7 /* ThreeSum_15.c in Sources */,
				24E4576B209CAC3C0048DEF7 /* main.m in Sources */,
				245BEC32215A26B8005984BE /* FirstUniqChar_387.c in Sources */,
				102650DD2248BB8E00D223A6 /* ConvertToTitle_168.c in Sources */,
			);
			runOnlyForDeploymentPostprocessing = 0;
		};
/* End PBXSourcesBuildPhase section */

/* Begin XCBuildConfiguration section */
		24E4576C209CAC3C0048DEF7 /* Debug */ = {
			isa = XCBuildConfiguration;
			buildSettings = {
				ALWAYS_SEARCH_USER_PATHS = NO;
				CLANG_ANALYZER_NONNULL = YES;
				CLANG_ANALYZER_NUMBER_OBJECT_CONVERSION = YES_AGGRESSIVE;
				CLANG_CXX_LANGUAGE_STANDARD = "gnu++14";
				CLANG_CXX_LIBRARY = "libc++";
				CLANG_ENABLE_MODULES = YES;
				CLANG_ENABLE_OBJC_ARC = YES;
				CLANG_ENABLE_OBJC_WEAK = YES;
				CLANG_WARN_BLOCK_CAPTURE_AUTORELEASING = YES;
				CLANG_WARN_BOOL_CONVERSION = YES;
				CLANG_WARN_COMMA = YES;
				CLANG_WARN_CONSTANT_CONVERSION = YES;
				CLANG_WARN_DEPRECATED_OBJC_IMPLEMENTATIONS = YES;
				CLANG_WARN_DIRECT_OBJC_ISA_USAGE = YES_ERROR;
				CLANG_WARN_DOCUMENTATION_COMMENTS = YES;
				CLANG_WARN_EMPTY_BODY = YES;
				CLANG_WARN_ENUM_CONVERSION = YES;
				CLANG_WARN_INFINITE_RECURSION = YES;
				CLANG_WARN_INT_CONVERSION = YES;
				CLANG_WARN_NON_LITERAL_NULL_CONVERSION = YES;
				CLANG_WARN_OBJC_IMPLICIT_RETAIN_SELF = YES;
				CLANG_WARN_OBJC_LITERAL_CONVERSION = YES;
				CLANG_WARN_OBJC_ROOT_CLASS = YES_ERROR;
				CLANG_WARN_RANGE_LOOP_ANALYSIS = YES;
				CLANG_WARN_STRICT_PROTOTYPES = YES;
				CLANG_WARN_SUSPICIOUS_MOVE = YES;
				CLANG_WARN_UNGUARDED_AVAILABILITY = YES_AGGRESSIVE;
				CLANG_WARN_UNREACHABLE_CODE = YES;
				CLANG_WARN__DUPLICATE_METHOD_MATCH = YES;
				CODE_SIGN_IDENTITY = "Mac Developer";
				COPY_PHASE_STRIP = NO;
				DEBUG_INFORMATION_FORMAT = dwarf;
				ENABLE_STRICT_OBJC_MSGSEND = YES;
				ENABLE_TESTABILITY = YES;
				GCC_C_LANGUAGE_STANDARD = gnu11;
				GCC_DYNAMIC_NO_PIC = NO;
				GCC_NO_COMMON_BLOCKS = YES;
				GCC_OPTIMIZATION_LEVEL = 0;
				GCC_PREPROCESSOR_DEFINITIONS = (
					"DEBUG=1",
					"$(inherited)",
				);
				GCC_WARN_64_TO_32_BIT_CONVERSION = YES;
				GCC_WARN_ABOUT_RETURN_TYPE = YES_ERROR;
				GCC_WARN_UNDECLARED_SELECTOR = YES;
				GCC_WARN_UNINITIALIZED_AUTOS = YES_AGGRESSIVE;
				GCC_WARN_UNUSED_FUNCTION = YES;
				GCC_WARN_UNUSED_VARIABLE = YES;
				MACOSX_DEPLOYMENT_TARGET = 10.13;
				MTL_ENABLE_DEBUG_INFO = YES;
				ONLY_ACTIVE_ARCH = YES;
				SDKROOT = macosx;
			};
			name = Debug;
		};
		24E4576D209CAC3C0048DEF7 /* Release */ = {
			isa = XCBuildConfiguration;
			buildSettings = {
				ALWAYS_SEARCH_USER_PATHS = NO;
				CLANG_ANALYZER_NONNULL = YES;
				CLANG_ANALYZER_NUMBER_OBJECT_CONVERSION = YES_AGGRESSIVE;
				CLANG_CXX_LANGUAGE_STANDARD = "gnu++14";
				CLANG_CXX_LIBRARY = "libc++";
				CLANG_ENABLE_MODULES = YES;
				CLANG_ENABLE_OBJC_ARC = YES;
				CLANG_ENABLE_OBJC_WEAK = YES;
				CLANG_WARN_BLOCK_CAPTURE_AUTORELEASING = YES;
				CLANG_WARN_BOOL_CONVERSION = YES;
				CLANG_WARN_COMMA = YES;
				CLANG_WARN_CONSTANT_CONVERSION = YES;
				CLANG_WARN_DEPRECATED_OBJC_IMPLEMENTATIONS = YES;
				CLANG_WARN_DIRECT_OBJC_ISA_USAGE = YES_ERROR;
				CLANG_WARN_DOCUMENTATION_COMMENTS = YES;
				CLANG_WARN_EMPTY_BODY = YES;
				CLANG_WARN_ENUM_CONVERSION = YES;
				CLANG_WARN_INFINITE_RECURSION = YES;
				CLANG_WARN_INT_CONVERSION = YES;
				CLANG_WARN_NON_LITERAL_NULL_CONVERSION = YES;
				CLANG_WARN_OBJC_IMPLICIT_RETAIN_SELF = YES;
				CLANG_WARN_OBJC_LITERAL_CONVERSION = YES;
				CLANG_WARN_OBJC_ROOT_CLASS = YES_ERROR;
				CLANG_WARN_RANGE_LOOP_ANALYSIS = YES;
				CLANG_WARN_STRICT_PROTOTYPES = YES;
				CLANG_WARN_SUSPICIOUS_MOVE = YES;
				CLANG_WARN_UNGUARDED_AVAILABILITY = YES_AGGRESSIVE;
				CLANG_WARN_UNREACHABLE_CODE = YES;
				CLANG_WARN__DUPLICATE_METHOD_MATCH = YES;
				CODE_SIGN_IDENTITY = "Mac Developer";
				COPY_PHASE_STRIP = NO;
				DEBUG_INFORMATION_FORMAT = "dwarf-with-dsym";
				ENABLE_NS_ASSERTIONS = NO;
				ENABLE_STRICT_OBJC_MSGSEND = YES;
				GCC_C_LANGUAGE_STANDARD = gnu11;
				GCC_NO_COMMON_BLOCKS = YES;
				GCC_WARN_64_TO_32_BIT_CONVERSION = YES;
				GCC_WARN_ABOUT_RETURN_TYPE = YES_ERROR;
				GCC_WARN_UNDECLARED_SELECTOR = YES;
				GCC_WARN_UNINITIALIZED_AUTOS = YES_AGGRESSIVE;
				GCC_WARN_UNUSED_FUNCTION = YES;
				GCC_WARN_UNUSED_VARIABLE = YES;
				MACOSX_DEPLOYMENT_TARGET = 10.13;
				MTL_ENABLE_DEBUG_INFO = NO;
				SDKROOT = macosx;
			};
			name = Release;
		};
		24E4576F209CAC3C0048DEF7 /* Debug */ = {
			isa = XCBuildConfiguration;
			buildSettings = {
				CODE_SIGN_STYLE = Automatic;
				DEVELOPMENT_TEAM = 6BEQU99RP5;
				PRODUCT_NAME = "$(TARGET_NAME)";
			};
			name = Debug;
		};
		24E45770209CAC3C0048DEF7 /* Release */ = {
			isa = XCBuildConfiguration;
			buildSettings = {
				CODE_SIGN_STYLE = Automatic;
				DEVELOPMENT_TEAM = 6BEQU99RP5;
				PRODUCT_NAME = "$(TARGET_NAME)";
			};
			name = Release;
		};
/* End XCBuildConfiguration section */

/* Begin XCConfigurationList section */
		24E45762209CAC3C0048DEF7 /* Build configuration list for PBXProject "LeetCode" */ = {
			isa = XCConfigurationList;
			buildConfigurations = (
				24E4576C209CAC3C0048DEF7 /* Debug */,
				24E4576D209CAC3C0048DEF7 /* Release */,
			);
			defaultConfigurationIsVisible = 0;
			defaultConfigurationName = Release;
		};
		24E4576E209CAC3C0048DEF7 /* Build configuration list for PBXNativeTarget "LeetCode" */ = {
			isa = XCConfigurationList;
			buildConfigurations = (
				24E4576F209CAC3C0048DEF7 /* Debug */,
				24E45770209CAC3C0048DEF7 /* Release */,
			);
			defaultConfigurationIsVisible = 0;
			defaultConfigurationName = Release;
		};
/* End XCConfigurationList section */
	};
	rootObject = 24E4575F209CAC3C0048DEF7 /* Project object */;
}
