// !$*UTF8*$!
{
	archiveVersion = 1;
	classes = {
	};
	objectVersion = 50;
	objects = {

/* Begin PBXBuildFile section */
		101605D2222BBA8600D8D506 /* RemoveDuplicatesfromSortedArrayII_80.c in Sources */ = {isa = PBXBuildFile; fileRef = 101605D1222BBA8600D8D506 /* RemoveDuplicatesfromSortedArrayII_80.c */; };
		1026509E2243737200D223A6 /* MergeTwoLists_21.c in Sources */ = {isa = PBXBuildFile; fileRef = 1026509D2243737200D223A6 /* MergeTwoLists_21.c */; };
		102650A2224375CC00D223A6 /* RemoveElements_203.c in Sources */ = {isa = PBXBuildFile; fileRef = 102650A1224375CC00D223A6 /* RemoveElements_203.c */; };
		102650A62243A4A000D223A6 /* ReverseString_344.c in Sources */ = {isa = PBXBuildFile; fileRef = 102650A52243A4A000D223A6 /* ReverseString_344.c */; };
		102650AA2243AB4800D223A6 /* ReverseStr_541.c in Sources */ = {isa = PBXBuildFile; fileRef = 102650A92243AB4800D223A6 /* ReverseStr_541.c */; };
		102650AE2243AD1E00D223A6 /* ReverseVowels_345.c in Sources */ = {isa = PBXBuildFile; fileRef = 102650AD2243AD1E00D223A6 /* ReverseVowels_345.c */; };
		102650B22243AED800D223A6 /* ReverseWords_557.c in Sources */ = {isa = PBXBuildFile; fileRef = 102650B12243AED800D223A6 /* ReverseWords_557.c */; };
		102650B62243B2E900D223A6 /* Tools.c in Sources */ = {isa = PBXBuildFile; fileRef = 102650B52243B2E900D223A6 /* Tools.c */; };
		102650BA2243B5DE00D223A6 /* IsLongPressedName_925.c in Sources */ = {isa = PBXBuildFile; fileRef = 102650B92243B5DE00D223A6 /* IsLongPressedName_925.c */; };
		102650BE2243B90500D223A6 /* IsHappy_202.c in Sources */ = {isa = PBXBuildFile; fileRef = 102650BD2243B90500D223A6 /* IsHappy_202.c */; };
		102650C22244683700D223A6 /* ClimbStairs_70.c in Sources */ = {isa = PBXBuildFile; fileRef = 102650C12244683700D223A6 /* ClimbStairs_70.c */; };
		102650C622446E0F00D223A6 /* IsPalindrome_125.c in Sources */ = {isa = PBXBuildFile; fileRef = 102650C522446E0F00D223A6 /* IsPalindrome_125.c */; };
		102650CA224474E800D223A6 /* RomanToInt_13.c in Sources */ = {isa = PBXBuildFile; fileRef = 102650C9224474E800D223A6 /* RomanToInt_13.c */; };
		102650CE224476C500D223A6 /* SwapPairs_24.c in Sources */ = {isa = PBXBuildFile; fileRef = 102650CD224476C500D223A6 /* SwapPairs_24.c */; };
		102650D222447AF400D223A6 /* RemoveDuplicates_26.c in Sources */ = {isa = PBXBuildFile; fileRef = 102650D122447AF400D223A6 /* RemoveDuplicates_26.c */; };
		102650D92248892300D223A6 /* TitleToNumber_171.c in Sources */ = {isa = PBXBuildFile; fileRef = 102650D82248892300D223A6 /* TitleToNumber_171.c */; };
		102650DD2248BB8E00D223A6 /* ConvertToTitle_168.c in Sources */ = {isa = PBXBuildFile; fileRef = 102650DC2248BB8E00D223A6 /* ConvertToTitle_168.c */; };
		102650E12249DFD300D223A6 /* IsRectangleOverlap_836.c in Sources */ = {isa = PBXBuildFile; fileRef = 102650E02249DFD300D223A6 /* IsRectangleOverlap_836.c */; };
		102650E52249E17400D223A6 /* ComputeArea_223.c in Sources */ = {isa = PBXBuildFile; fileRef = 102650E42249E17400D223A6 /* ComputeArea_223.c */; };
		102650E9224A07D600D223A6 /* AddDigits_258.c in Sources */ = {isa = PBXBuildFile; fileRef = 102650E8224A07D600D223A6 /* AddDigits_258.c */; };
		10780359223F45F6009684B6 /* AddTwoNumbers_2.c in Sources */ = {isa = PBXBuildFile; fileRef = 10780358223F45F6009684B6 /* AddTwoNumbers_2.c */; };
		1078035D2240A069009684B6 /* AddToArrayForm_989.c in Sources */ = {isa = PBXBuildFile; fileRef = 1078035C2240A069009684B6 /* AddToArrayForm_989.c */; };
		107803612240EEAB009684B6 /* AddStrings_415.c in Sources */ = {isa = PBXBuildFile; fileRef = 107803602240EEAB009684B6 /* AddStrings_415.c */; };
		24388DE821BE5CCE002A4F8A /* FindDisappearedNumbers_448.c in Sources */ = {isa = PBXBuildFile; fileRef = 24388DE721BE5CCE002A4F8A /* FindDisappearedNumbers_448.c */; };
		24388DF021BF9F14002A4F8A /* FindPairs_532.c in Sources */ = {isa = PBXBuildFile; fileRef = 24388DEF21BF9F14002A4F8A /* FindPairs_532.c */; };
		245BEC2E21575841005984BE /* ShortestToChar_821.c in Sources */ = {isa = PBXBuildFile; fileRef = 245BEC2D21575841005984BE /* ShortestToChar_821.c */; };
		245BEC32215A26B8005984BE /* FirstUniqChar_387.c in Sources */ = {isa = PBXBuildFile; fileRef = 245BEC31215A26B8005984BE /* FirstUniqChar_387.c */; };
		245BEC36215B09E7005984BE /* NumJewelsInStones_771.c in Sources */ = {isa = PBXBuildFile; fileRef = 245BEC35215B09E7005984BE /* NumJewelsInStones_771.c */; };
		245BEC3A215B2701005984BE /* Isomorphic_205.c in Sources */ = {isa = PBXBuildFile; fileRef = 245BEC39215B2701005984BE /* Isomorphic_205.c */; };
		245BEC3E215B604E005984BE /* CompressChars_443.c in Sources */ = {isa = PBXBuildFile; fileRef = 245BEC3D215B604E005984BE /* CompressChars_443.c */; };
		245BEC42215C914D005984BE /* LicenseKeyFormatting_482.c in Sources */ = {isa = PBXBuildFile; fileRef = 245BEC41215C914D005984BE /* LicenseKeyFormatting_482.c */; };
		245BEC46216B337B005984BE /* Reverse_7.c in Sources */ = {isa = PBXBuildFile; fileRef = 245BEC45216B337B005984BE /* Reverse_7.c */; };
		245BEC4A216C4276005984BE /* IsPalindrome_9.c in Sources */ = {isa = PBXBuildFile; fileRef = 245BEC49216C4276005984BE /* IsPalindrome_9.c */; };
		245BEC4E216E1845005984BE /* SearchInsert_35.c in Sources */ = {isa = PBXBuildFile; fileRef = 245BEC4D216E1845005984BE /* SearchInsert_35.c */; };
		245BEC522172F9BE005984BE /* LongestCommonPrefix.c in Sources */ = {isa = PBXBuildFile; fileRef = 245BEC512172F9BE005984BE /* LongestCommonPrefix.c */; };
		245BEC56217316F0005984BE /* StrStr_28.c in Sources */ = {isa = PBXBuildFile; fileRef = 245BEC55217316F0005984BE /* StrStr_28.c */; };
		245BEC5A217860C2005984BE /* PlusOne_66.c in Sources */ = {isa = PBXBuildFile; fileRef = 245BEC59217860C1005984BE /* PlusOne_66.c */; };
		24B7F4C521410A7C0051F309 /* ReverseWordsAndReduceSpace_186.c in Sources */ = {isa = PBXBuildFile; fileRef = 24B7F4C421410A7C0051F309 /* ReverseWordsAndReduceSpace_186.c */; };
		24E4576B209CAC3C0048DEF7 /* main.m in Sources */ = {isa = PBXBuildFile; fileRef = 24E4576A209CAC3C0048DEF7 /* main.m */; };
		24E45773209EB4E00048DEF7 /* TwoSum_1.c in Sources */ = {isa = PBXBuildFile; fileRef = 24E45772209EB4E00048DEF7 /* TwoSum_1.c */; };
		24E45778209EC3060048DEF7 /* ThreeSum_15.c in Sources */ = {isa = PBXBuildFile; fileRef = 24E45777209EC3060048DEF7 /* ThreeSum_15.c */; };
		24E4577C20A01E840048DEF7 /* QuickSort.c in Sources */ = {isa = PBXBuildFile; fileRef = 24E4577B20A01E840048DEF7 /* QuickSort.c */; };
/* End PBXBuildFile section */

/* Begin PBXCopyFilesBuildPhase section */
		24E45765209CAC3C0048DEF7 /* CopyFiles */ = {
			isa = PBXCopyFilesBuildPhase;
			buildActionMask = 2147483647;
			dstPath = /usr/share/man/man1/;
			dstSubfolderSpec = 0;
			files = (
			);
			runOnlyForDeploymentPostprocessing = 1;
		};
/* End PBXCopyFilesBuildPhase section */

/* Begin PBXFileReference section */
		101605D0222BBA8600D8D506 /* RemoveDuplicatesfromSortedArrayII_80.h */ = {isa = PBXFileReference; lastKnownFileType = sourcecode.c.h; path = RemoveDuplicatesfromSortedArrayII_80.h; sourceTree = "<group>"; };
		101605D1222BBA8600D8D506 /* RemoveDuplicatesfromSortedArrayII_80.c */ = {isa = PBXFileReference; lastKnownFileType = sourcecode.c.c; path = RemoveDuplicatesfromSortedArrayII_80.c; sourceTree = "<group>"; };
		1026509C2243737200D223A6 /* MergeTwoLists_21.h */ = {isa = PBXFileReference; lastKnownFileType = sourcecode.c.h; path = MergeTwoLists_21.h; sourceTree = "<group>"; };
		1026509D2243737200D223A6 /* MergeTwoLists_21.c */ = {isa = PBXFileReference; lastKnownFileType = sourcecode.c.c; path = MergeTwoLists_21.c; sourceTree = "<group>"; };
		102650A0224375CC00D223A6 /* RemoveElements_203.h */ = {isa = PBXFileReference; lastKnownFileType = sourcecode.c.h; path = RemoveElements_203.h; sourceTree = "<group>"; };
		102650A1224375CC00D223A6 /* RemoveElements_203.c */ = {isa = PBXFileReference; lastKnownFileType = sourcecode.c.c; path = RemoveElements_203.c; sourceTree = "<group>"; };
		102650A42243A4A000D223A6 /* ReverseString_344.h */ = {isa = PBXFileReference; lastKnownFileType = sourcecode.c.h; path = ReverseString_344.h; sourceTree = "<group>"; };
		102650A52243A4A000D223A6 /* ReverseString_344.c */ = {isa = PBXFileReference; lastKnownFileType = sourcecode.c.c; path = ReverseString_344.c; sourceTree = "<group>"; };
		102650A82243AB4800D223A6 /* ReverseStr_541.h */ = {isa = PBXFileReference; lastKnownFileType = sourcecode.c.h; path = ReverseStr_541.h; sourceTree = "<group>"; };
		102650A92243AB4800D223A6 /* ReverseStr_541.c */ = {isa = PBXFileReference; lastKnownFileType = sourcecode.c.c; path = ReverseStr_541.c; sourceTree = "<group>"; };
		102650AC2243AD1E00D223A6 /* ReverseVowels_345.h */ = {isa = PBXFileReference; lastKnownFileType = sourcecode.c.h; path = ReverseVowels_345.h; sourceTree = "<group>"; };
		102650AD2243AD1E00D223A6 /* ReverseVowels_345.c */ = {isa = PBXFileReference; lastKnownFileType = sourcecode.c.c; path = ReverseVowels_345.c; sourceTree = "<group>"; };
		102650B02243AED800D223A6 /* ReverseWords_557.h */ = {isa = PBXFileReference; lastKnownFileType = sourcecode.c.h; path = ReverseWords_557.h; sourceTree = "<group>"; };
		102650B12243AED800D223A6 /* ReverseWords_557.c */ = {isa = PBXFileReference; lastKnownFileType = sourcecode.c.c; path = ReverseWords_557.c; sourceTree = "<group>"; };
		102650B42243B2E900D223A6 /* Tools.h */ = {isa = PBXFileReference; lastKnownFileType = sourcecode.c.h; path = Tools.h; sourceTree = "<group>"; };
		102650B52243B2E900D223A6 /* Tools.c */ = {isa = PBXFileReference; lastKnownFileType = sourcecode.c.c; path = Tools.c; sourceTree = "<group>"; };
		102650B82243B5DE00D223A6 /* IsLongPressedName_925.h */ = {isa = PBXFileReference; lastKnownFileType = sourcecode.c.h; path = IsLongPressedName_925.h; sourceTree = "<group>"; };
		102650B92243B5DE00D223A6 /* IsLongPressedName_925.c */ = {isa = PBXFileReference; lastKnownFileType = sourcecode.c.c; path = IsLongPressedName_925.c; sourceTree = "<group>"; };
		102650BC2243B90500D223A6 /* IsHappy_202.h */ = {isa = PBXFileReference; lastKnownFileType = sourcecode.c.h; path = IsHappy_202.h; sourceTree = "<group>"; };
		102650BD2243B90500D223A6 /* IsHappy_202.c */ = {isa = PBXFileReference; lastKnownFileType = sourcecode.c.c; path = IsHappy_202.c; sourceTree = "<group>"; };
		102650C02244683700D223A6 /* ClimbStairs_70.h */ = {isa = PBXFileReference; lastKnownFileType = sourcecode.c.h; path = ClimbStairs_70.h; sourceTree = "<group>"; };
		102650C12244683700D223A6 /* ClimbStairs_70.c */ = {isa = PBXFileReference; lastKnownFileType = sourcecode.c.c; path = ClimbStairs_70.c; sourceTree = "<group>"; };
		102650C422446E0F00D223A6 /* IsPalindrome_125.h */ = {isa = PBXFileReference; lastKnownFileType = sourcecode.c.h; path = IsPalindrome_125.h; sourceTree = "<group>"; };
		102650C522446E0F00D223A6 /* IsPalindrome_125.c */ = {isa = PBXFileReference; lastKnownFileType = sourcecode.c.c; path = IsPalindrome_125.c; sourceTree = "<group>"; };
		102650C8224474E800D223A6 /* RomanToInt_13.h */ = {isa = PBXFileReference; lastKnownFileType = sourcecode.c.h; path = RomanToInt_13.h; sourceTree = "<group>"; };
		102650C9224474E800D223A6 /* RomanToInt_13.c */ = {isa = PBXFileReference; lastKnownFileType = sourcecode.c.c; path = RomanToInt_13.c; sourceTree = "<group>"; };
		102650CC224476C500D223A6 /* SwapPairs_24.h */ = {isa = PBXFileReference; lastKnownFileType = sourcecode.c.h; path = SwapPairs_24.h; sourceTree = "<group>"; };
		102650CD224476C500D223A6 /* SwapPairs_24.c */ = {isa = PBXFileReference; lastKnownFileType = sourcecode.c.c; path = SwapPairs_24.c; sourceTree = "<group>"; };
		102650D022447AF400D223A6 /* RemoveDuplicates_26.h */ = {isa = PBXFileReference; lastKnownFileType = sourcecode.c.h; path = RemoveDuplicates_26.h; sourceTree = "<group>"; };
		102650D122447AF400D223A6 /* RemoveDuplicates_26.c */ = {isa = PBXFileReference; lastKnownFileType = sourcecode.c.c; path = RemoveDuplicates_26.c; sourceTree = "<group>"; };
		102650D72248892300D223A6 /* TitleToNumber_171.h */ = {isa = PBXFileReference; lastKnownFileType = sourcecode.c.h; path = TitleToNumber_171.h; sourceTree = "<group>"; };
		102650D82248892300D223A6 /* TitleToNumber_171.c */ = {isa = PBXFileReference; lastKnownFileType = sourcecode.c.c; path = TitleToNumber_171.c; sourceTree = "<group>"; };
		102650DB2248BB8E00D223A6 /* ConvertToTitle_168.h */ = {isa = PBXFileReference; lastKnownFileType = sourcecode.c.h; path = ConvertToTitle_168.h; sourceTree = "<group>"; };
		102650DC2248BB8E00D223A6 /* ConvertToTitle_168.c */ = {isa = PBXFileReference; lastKnownFileType = sourcecode.c.c; path = ConvertToTitle_168.c; sourceTree = "<group>"; };
		102650DF2249DFD300D223A6 /* IsRectangleOverlap_836.h */ = {isa = PBXFileReference; lastKnownFileType = sourcecode.c.h; path = IsRectangleOverlap_836.h; sourceTree = "<group>"; };
		102650E02249DFD300D223A6 /* IsRectangleOverlap_836.c */ = {isa = PBXFileReference; lastKnownFileType = sourcecode.c.c; path = IsRectangleOverlap_836.c; sourceTree = "<group>"; };
		102650E32249E17400D223A6 /* ComputeArea_223.h */ = {isa = PBXFileReference; lastKnownFileType = sourcecode.c.h; path = ComputeArea_223.h; sourceTree = "<group>"; };
		102650E42249E17400D223A6 /* ComputeArea_223.c */ = {isa = PBXFileReference; lastKnownFileType = sourcecode.c.c; path = ComputeArea_223.c; sourceTree = "<group>"; };
		102650E7224A07D600D223A6 /* AddDigits_258.h */ = {isa = PBXFileReference; lastKnownFileType = sourcecode.c.h; path = AddDigits_258.h; sourceTree = "<group>"; };
		102650E8224A07D600D223A6 /* AddDigits_258.c */ = {isa = PBXFileReference; lastKnownFileType = sourcecode.c.c; path = AddDigits_258.c; sourceTree = "<group>"; };
		10780357223F45F6009684B6 /* AddTwoNumbers_2.h */ = {isa = PBXFileReference; lastKnownFileType = sourcecode.c.h; path = AddTwoNumbers_2.h; sourceTree = "<group>"; };
		10780358223F45F6009684B6 /* AddTwoNumbers_2.c */ = {isa = PBXFileReference; lastKnownFileType = sourcecode.c.c; path = AddTwoNumbers_2.c; sourceTree = "<group>"; };
		1078035B2240A069009684B6 /* AddToArrayForm_989.h */ = {isa = PBXFileReference; lastKnownFileType = sourcecode.c.h; path = AddToArrayForm_989.h; sourceTree = "<group>"; };
		1078035C2240A069009684B6 /* AddToArrayForm_989.c */ = {isa = PBXFileReference; lastKnownFileType = sourcecode.c.c; path = AddToArrayForm_989.c; sourceTree = "<group>"; };
		1078035F2240EEAB009684B6 /* AddStrings_415.h */ = {isa = PBXFileReference; lastKnownFileType = sourcecode.c.h; path = AddStrings_415.h; sourceTree = "<group>"; };
		107803602240EEAB009684B6 /* AddStrings_415.c */ = {isa = PBXFileReference; lastKnownFileType = sourcecode.c.c; path = AddStrings_415.c; sourceTree = "<group>"; };
		24388DE621BE5CCE002A4F8A /* FindDisappearedNumbers_448.h */ = {isa = PBXFileReference; lastKnownFileType = sourcecode.c.h; path = FindDisappearedNumbers_448.h; sourceTree = "<group>"; };
		24388DE721BE5CCE002A4F8A /* FindDisappearedNumbers_448.c */ = {isa = PBXFileReference; lastKnownFileType = sourcecode.c.c; path = FindDisappearedNumbers_448.c; sourceTree = "<group>"; };
		24388DEE21BF9F14002A4F8A /* FindPairs_532.h */ = {isa = PBXFileReference; lastKnownFileType = sourcecode.c.h; path = FindPairs_532.h; sourceTree = "<group>"; };
		24388DEF21BF9F14002A4F8A /* FindPairs_532.c */ = {isa = PBXFileReference; lastKnownFileType = sourcecode.c.c; path = FindPairs_532.c; sourceTree = "<group>"; };
		245BEC2C21575841005984BE /* ShortestToChar_821.h */ = {isa = PBXFileReference; lastKnownFileType = sourcecode.c.h; path = ShortestToChar_821.h; sourceTree = "<group>"; };
		245BEC2D21575841005984BE /* ShortestToChar_821.c */ = {isa = PBXFileReference; lastKnownFileType = sourcecode.c.c; path = ShortestToChar_821.c; sourceTree = "<group>"; };
		245BEC30215A26B8005984BE /* FirstUniqChar_387.h */ = {isa = PBXFileReference; lastKnownFileType = sourcecode.c.h; path = FirstUniqChar_387.h; sourceTree = "<group>"; };
		245BEC31215A26B8005984BE /* FirstUniqChar_387.c */ = {isa = PBXFileReference; lastKnownFileType = sourcecode.c.c; path = FirstUniqChar_387.c; sourceTree = "<group>"; };
		245BEC34215B09E7005984BE /* NumJewelsInStones_771.h */ = {isa = PBXFileReference; lastKnownFileType = sourcecode.c.h; path = NumJewelsInStones_771.h; sourceTree = "<group>"; };
		245BEC35215B09E7005984BE /* NumJewelsInStones_771.c */ = {isa = PBXFileReference; lastKnownFileType = sourcecode.c.c; path = NumJewelsInStones_771.c; sourceTree = "<group>"; };
		245BEC38215B2701005984BE /* Isomorphic_205.h */ = {isa = PBXFileReference; lastKnownFileType = sourcecode.c.h; path = Isomorphic_205.h; sourceTree = "<group>"; };
		245BEC39215B2701005984BE /* Isomorphic_205.c */ = {isa = PBXFileReference; lastKnownFileType = sourcecode.c.c; path = Isomorphic_205.c; sourceTree = "<group>"; };
		245BEC3C215B604E005984BE /* CompressChars_443.h */ = {isa = PBXFileReference; lastKnownFileType = sourcecode.c.h; path = CompressChars_443.h; sourceTree = "<group>"; };
		245BEC3D215B604E005984BE /* CompressChars_443.c */ = {isa = PBXFileReference; lastKnownFileType = sourcecode.c.c; path = CompressChars_443.c; sourceTree = "<group>"; };
		245BEC40215C914D005984BE /* LicenseKeyFormatting_482.h */ = {isa = PBXFileReference; lastKnownFileType = sourcecode.c.h; path = LicenseKeyFormatting_482.h; sourceTree = "<group>"; };
		245BEC41215C914D005984BE /* LicenseKeyFormatting_482.c */ = {isa = PBXFileReference; lastKnownFileType = sourcecode.c.c; path = LicenseKeyFormatting_482.c; sourceTree = "<group>"; };
		245BEC44216B337B005984BE /* Reverse_7.h */ = {isa = PBXFileReference; lastKnownFileType = sourcecode.c.h; path = Reverse_7.h; sourceTree = "<group>"; };
		245BEC45216B337B005984BE /* Reverse_7.c */ = {isa = PBXFileReference; lastKnownFileType = sourcecode.c.c; path = Reverse_7.c; sourceTree = "<group>"; };
		245BEC48216C4276005984BE /* IsPalindrome_9.h */ = {isa = PBXFileReference; lastKnownFileType = sourcecode.c.h; path = IsPalindrome_9.h; sourceTree = "<group>"; };
		245BEC49216C4276005984BE /* IsPalindrome_9.c */ = {isa = PBXFileReference; lastKnownFileType = sourcecode.c.c; path = IsPalindrome_9.c; sourceTree = "<group>"; };
		245BEC4C216E1845005984BE /* SearchInsert_35.h */ = {isa = PBXFileReference; lastKnownFileType = sourcecode.c.h; path = SearchInsert_35.h; sourceTree = "<group>"; };
		245BEC4D216E1845005984BE /* SearchInsert_35.c */ = {isa = PBXFileReference; lastKnownFileType = sourcecode.c.c; path = SearchInsert_35.c; sourceTree = "<group>"; };
		245BEC502172F9BE005984BE /* LongestCommonPrefix.h */ = {isa = PBXFileReference; lastKnownFileType = sourcecode.c.h; path = LongestCommonPrefix.h; sourceTree = "<group>"; };
		245BEC512172F9BE005984BE /* LongestCommonPrefix.c */ = {isa = PBXFileReference; lastKnownFileType = sourcecode.c.c; path = LongestCommonPrefix.c; sourceTree = "<group>"; };
		245BEC54217316F0005984BE /* StrStr_28.h */ = {isa = PBXFileReference; lastKnownFileType = sourcecode.c.h; path = StrStr_28.h; sourceTree = "<group>"; };
		245BEC55217316F0005984BE /* StrStr_28.c */ = {isa = PBXFileReference; lastKnownFileType = sourcecode.c.c; path = StrStr_28.c; sourceTree = "<group>"; };
		245BEC58217860C1005984BE /* PlusOne_66.h */ = {isa = PBXFileReference; lastKnownFileType = sourcecode.c.h; path = PlusOne_66.h; sourceTree = "<group>"; };
		245BEC59217860C1005984BE /* PlusOne_66.c */ = {isa = PBXFileReference; lastKnownFileType = sourcecode.c.c; path = PlusOne_66.c; sourceTree = "<group>"; };
		24B7F4C321410A7C0051F309 /* ReverseWordsAndReduceSpace_186.h */ = {isa = PBXFileReference; lastKnownFileType = sourcecode.c.h; path = ReverseWordsAndReduceSpace_186.h; sourceTree = "<group>"; };
		24B7F4C421410A7C0051F309 /* ReverseWordsAndReduceSpace_186.c */ = {isa = PBXFileReference; lastKnownFileType = sourcecode.c.c; path = ReverseWordsAndReduceSpace_186.c; sourceTree = "<group>"; };
		24E45767209CAC3C0048DEF7 /* LeetCode */ = {isa = PBXFileReference; explicitFileType = "compiled.mach-o.executable"; includeInIndex = 0; path = LeetCode; sourceTree = BUILT_PRODUCTS_DIR; };
		24E4576A209CAC3C0048DEF7 /* main.m */ = {isa = PBXFileReference; lastKnownFileType = sourcecode.c.objc; path = main.m; sourceTree = "<group>"; };
		24E45771209EB4E00048DEF7 /* TwoSum_1.h */ = {isa = PBXFileReference; lastKnownFileType = sourcecode.c.h; path = TwoSum_1.h; sourceTree = "<group>"; };
		24E45772209EB4E00048DEF7 /* TwoSum_1.c */ = {isa = PBXFileReference; lastKnownFileType = sourcecode.c.c; path = TwoSum_1.c; sourceTree = "<group>"; };
		24E45776209EC3060048DEF7 /* ThreeSum_15.h */ = {isa = PBXFileReference; lastKnownFileType = sourcecode.c.h; path = ThreeSum_15.h; sourceTree = "<group>"; };
		24E45777209EC3060048DEF7 /* ThreeSum_15.c */ = {isa = PBXFileReference; lastKnownFileType = sourcecode.c.c; path = ThreeSum_15.c; sourceTree = "<group>"; };
		24E4577A20A01E840048DEF7 /* QuickSort.h */ = {isa = PBXFileReference; lastKnownFileType = sourcecode.c.h; path = QuickSort.h; sourceTree = "<group>"; };
		24E4577B20A01E840048DEF7 /* QuickSort.c */ = {isa = PBXFileReference; lastKnownFileType = sourcecode.c.c; path = QuickSort.c; sourceTree = "<group>"; };
/* End PBXFileReference section */

/* Begin PBXFrameworksBuildPhase section */
		24E45764209CAC3C0048DEF7 /* Frameworks */ = {
			isa = PBXFrameworksBuildPhase;
			buildActionMask = 2147483647;
			files = (
			);
			runOnlyForDeploymentPostprocessing = 0;
		};
/* End PBXFrameworksBuildPhase section */

/* Begin PBXGroup section */
		101605D3222BBC3600D8D506 /* RemoveDuplicatesfromSortedArrayII_80 */ = {
			isa = PBXGroup;
			children = (
				101605D0222BBA8600D8D506 /* RemoveDuplicatesfromSortedArrayII_80.h */,
				101605D1222BBA8600D8D506 /* RemoveDuplicatesfromSortedArrayII_80.c */,
			);
			path = RemoveDuplicatesfromSortedArrayII_80;
			sourceTree = "<group>";
		};
		1026509A2243425D00D223A6 /* AddTwoNumbers_2 */ = {
			isa = PBXGroup;
			children = (
				10780357223F45F6009684B6 /* AddTwoNumbers_2.h */,
				10780358223F45F6009684B6 /* AddTwoNumbers_2.c */,
			);
			path = AddTwoNumbers_2;
			sourceTree = "<group>";
		};
		1026509B2243734800D223A6 /* MergeTwoLists_21 */ = {
			isa = PBXGroup;
			children = (
				1026509C2243737200D223A6 /* MergeTwoLists_21.h */,
				1026509D2243737200D223A6 /* MergeTwoLists_21.c */,
			);
			path = MergeTwoLists_21;
			sourceTree = "<group>";
		};
		1026509F224375A800D223A6 /* RemoveElements_203 */ = {
			isa = PBXGroup;
			children = (
				102650A0224375CC00D223A6 /* RemoveElements_203.h */,
				102650A1224375CC00D223A6 /* RemoveElements_203.c */,
			);
			path = RemoveElements_203;
			sourceTree = "<group>";
		};
		102650A32243A3AF00D223A6 /* ReverseString_344 */ = {
			isa = PBXGroup;
			children = (
				102650A42243A4A000D223A6 /* ReverseString_344.h */,
				102650A52243A4A000D223A6 /* ReverseString_344.c */,
			);
			path = ReverseString_344;
			sourceTree = "<group>";
		};
		102650A72243AAFA00D223A6 /* ReverseStr_541 */ = {
			isa = PBXGroup;
			children = (
				102650A82243AB4800D223A6 /* ReverseStr_541.h */,
				102650A92243AB4800D223A6 /* ReverseStr_541.c */,
			);
			path = ReverseStr_541;
			sourceTree = "<group>";
		};
		102650AB2243ACFD00D223A6 /* ReverseVowels_345 */ = {
			isa = PBXGroup;
			children = (
				102650AC2243AD1E00D223A6 /* ReverseVowels_345.h */,
				102650AD2243AD1E00D223A6 /* ReverseVowels_345.c */,
			);
			path = ReverseVowels_345;
			sourceTree = "<group>";
		};
		102650AF2243AEBD00D223A6 /* ReverseWords_557 */ = {
			isa = PBXGroup;
			children = (
				102650B02243AED800D223A6 /* ReverseWords_557.h */,
				102650B12243AED800D223A6 /* ReverseWords_557.c */,
			);
			path = ReverseWords_557;
			sourceTree = "<group>";
		};
		102650B32243B2D700D223A6 /* Tools */ = {
			isa = PBXGroup;
			children = (
				102650B42243B2E900D223A6 /* Tools.h */,
				102650B52243B2E900D223A6 /* Tools.c */,
			);
			path = Tools;
			sourceTree = "<group>";
		};
		102650B72243B5BF00D223A6 /* IsLongPressedName_925 */ = {
			isa = PBXGroup;
			children = (
				102650B82243B5DE00D223A6 /* IsLongPressedName_925.h */,
				102650B92243B5DE00D223A6 /* IsLongPressedName_925.c */,
			);
			path = IsLongPressedName_925;
			sourceTree = "<group>";
		};
		102650BB2243B8E700D223A6 /* IsHappy_202 */ = {
			isa = PBXGroup;
			children = (
				102650BC2243B90500D223A6 /* IsHappy_202.h */,
				102650BD2243B90500D223A6 /* IsHappy_202.c */,
			);
			path = IsHappy_202;
			sourceTree = "<group>";
		};
		102650BF2244681700D223A6 /* ClimbStairs_70 */ = {
			isa = PBXGroup;
			children = (
				102650C02244683700D223A6 /* ClimbStairs_70.h */,
				102650C12244683700D223A6 /* ClimbStairs_70.c */,
			);
			path = ClimbStairs_70;
			sourceTree = "<group>";
		};
		102650C322446DDE00D223A6 /* IsPalindrome_125 */ = {
			isa = PBXGroup;
			children = (
				102650C422446E0F00D223A6 /* IsPalindrome_125.h */,
				102650C522446E0F00D223A6 /* IsPalindrome_125.c */,
			);
			path = IsPalindrome_125;
			sourceTree = "<group>";
		};
		102650C7224474CD00D223A6 /* RomanToInt_13 */ = {
			isa = PBXGroup;
			children = (
				102650C8224474E800D223A6 /* RomanToInt_13.h */,
				102650C9224474E800D223A6 /* RomanToInt_13.c */,
			);
			path = RomanToInt_13;
			sourceTree = "<group>";
		};
		102650CB224476B200D223A6 /* SwapPairs_24 */ = {
			isa = PBXGroup;
			children = (
				102650CC224476C500D223A6 /* SwapPairs_24.h */,
				102650CD224476C500D223A6 /* SwapPairs_24.c */,
			);
			path = SwapPairs_24;
			sourceTree = "<group>";
		};
		102650CF22447ADF00D223A6 /* RemoveDuplicates_26 */ = {
			isa = PBXGroup;
			children = (
				102650D022447AF400D223A6 /* RemoveDuplicates_26.h */,
				102650D122447AF400D223A6 /* RemoveDuplicates_26.c */,
			);
			path = RemoveDuplicates_26;
			sourceTree = "<group>";
		};
		102650D6224888EE00D223A6 /* TitleToNumber_171 */ = {
			isa = PBXGroup;
			children = (
				102650D72248892300D223A6 /* TitleToNumber_171.h */,
				102650D82248892300D223A6 /* TitleToNumber_171.c */,
			);
			path = TitleToNumber_171;
			sourceTree = "<group>";
		};
		102650DA2248BB5F00D223A6 /* ConvertToTitle_168 */ = {
			isa = PBXGroup;
			children = (
				102650DB2248BB8E00D223A6 /* ConvertToTitle_168.h */,
				102650DC2248BB8E00D223A6 /* ConvertToTitle_168.c */,
			);
			path = ConvertToTitle_168;
			sourceTree = "<group>";
		};
		102650DE2249DF9E00D223A6 /* IsRectangleOverlap_836 */ = {
			isa = PBXGroup;
			children = (
				102650DF2249DFD300D223A6 /* IsRectangleOverlap_836.h */,
				102650E02249DFD300D223A6 /* IsRectangleOverlap_836.c */,
			);
			path = IsRectangleOverlap_836;
			sourceTree = "<group>";
		};
		102650E22249E15700D223A6 /* ComputeArea_223 */ = {
			isa = PBXGroup;
			children = (
				102650E32249E17400D223A6 /* ComputeArea_223.h */,
				102650E42249E17400D223A6 /* ComputeArea_223.c */,
			);
			path = ComputeArea_223;
			sourceTree = "<group>";
		};
		102650E6224A07B300D223A6 /* AddDigits_258 */ = {
			isa = PBXGroup;
			children = (
				102650E7224A07D600D223A6 /* AddDigits_258.h */,
				102650E8224A07D600D223A6 /* AddDigits_258.c */,
			);
			path = AddDigits_258;
			sourceTree = "<group>";
		};
		1078035A2240A039009684B6 /* AddToArrayForm_989 */ = {
			isa = PBXGroup;
			children = (
				1078035B2240A069009684B6 /* AddToArrayForm_989.h */,
				1078035C2240A069009684B6 /* AddToArrayForm_989.c */,
			);
			path = AddToArrayForm_989;
			sourceTree = "<group>";
		};
		1078035E2240EE85009684B6 /* AddStrings_415 */ = {
			isa = PBXGroup;
			children = (
				1078035F2240EEAB009684B6 /* AddStrings_415.h */,
				107803602240EEAB009684B6 /* AddStrings_415.c */,
			);
			path = AddStrings_415;
			sourceTree = "<group>";
		};
		24388DE521BE5C94002A4F8A /* FindDisappearedNumbers_448 */ = {
			isa = PBXGroup;
			children = (
				24388DE621BE5CCE002A4F8A /* FindDisappearedNumbers_448.h */,
				24388DE721BE5CCE002A4F8A /* FindDisappearedNumbers_448.c */,
			);
			path = FindDisappearedNumbers_448;
			sourceTree = "<group>";
		};
		24388DED21BF9EE5002A4F8A /* FindPairs_532 */ = {
			isa = PBXGroup;
			children = (
				24388DEE21BF9F14002A4F8A /* FindPairs_532.h */,
				24388DEF21BF9F14002A4F8A /* FindPairs_532.c */,
			);
			path = FindPairs_532;
			sourceTree = "<group>";
		};
		245BEC2B21575817005984BE /* ShortestToChar_821 */ = {
			isa = PBXGroup;
			children = (
				245BEC2C21575841005984BE /* ShortestToChar_821.h */,
				245BEC2D21575841005984BE /* ShortestToChar_821.c */,
			);
			path = ShortestToChar_821;
			sourceTree = "<group>";
		};
		245BEC2F215A2680005984BE /* FirstUniqChar_387 */ = {
			isa = PBXGroup;
			children = (
				245BEC30215A26B8005984BE /* FirstUniqChar_387.h */,
				245BEC31215A26B8005984BE /* FirstUniqChar_387.c */,
			);
			path = FirstUniqChar_387;
			sourceTree = "<group>";
		};
		245BEC33215B09BE005984BE /* NumJewelsInStones_771 */ = {
			isa = PBXGroup;
			children = (
				245BEC34215B09E7005984BE /* NumJewelsInStones_771.h */,
				245BEC35215B09E7005984BE /* NumJewelsInStones_771.c */,
			);
			path = NumJewelsInStones_771;
			sourceTree = "<group>";
		};
		245BEC37215B26E7005984BE /* Isomorphic_205 */ = {
			isa = PBXGroup;
			children = (
				245BEC38215B2701005984BE /* Isomorphic_205.h */,
				245BEC39215B2701005984BE /* Isomorphic_205.c */,
			);
			path = Isomorphic_205;
			sourceTree = "<group>";
		};
		245BEC3B215B6023005984BE /* CompressChars_443 */ = {
			isa = PBXGroup;
			children = (
				245BEC3C215B604E005984BE /* CompressChars_443.h */,
				245BEC3D215B604E005984BE /* CompressChars_443.c */,
			);
			path = CompressChars_443;
			sourceTree = "<group>";
		};
		245BEC3F215C9110005984BE /* LicenseKeyFormatting_482 */ = {
			isa = PBXGroup;
			children = (
				245BEC40215C914D005984BE /* LicenseKeyFormatting_482.h */,
				245BEC41215C914D005984BE /* LicenseKeyFormatting_482.c */,
			);
			path = LicenseKeyFormatting_482;
			sourceTree = "<group>";
		};
		245BEC43216B3350005984BE /* Reverse_7 */ = {
			isa = PBXGroup;
			children = (
				245BEC44216B337B005984BE /* Reverse_7.h */,
				245BEC45216B337B005984BE /* Reverse_7.c */,
			);
			path = Reverse_7;
			sourceTree = "<group>";
		};
		245BEC47216C424F005984BE /* IsPalindrome_9 */ = {
			isa = PBXGroup;
			children = (
				245BEC48216C4276005984BE /* IsPalindrome_9.h */,
				245BEC49216C4276005984BE /* IsPalindrome_9.c */,
			);
			path = IsPalindrome_9;
			sourceTree = "<group>";
		};
		245BEC4B216E1825005984BE /* SearchInsert_35 */ = {
			isa = PBXGroup;
			children = (
				245BEC4C216E1845005984BE /* SearchInsert_35.h */,
				245BEC4D216E1845005984BE /* SearchInsert_35.c */,
			);
			path = SearchInsert_35;
			sourceTree = "<group>";
		};
		245BEC4F2172F991005984BE /* LongestCommonPrefix_14 */ = {
			isa = PBXGroup;
			children = (
				245BEC502172F9BE005984BE /* LongestCommonPrefix.h */,
				245BEC512172F9BE005984BE /* LongestCommonPrefix.c */,
			);
			path = LongestCommonPrefix_14;
			sourceTree = "<group>";
		};
		245BEC53217316C5005984BE /* StrStr_28 */ = {
			isa = PBXGroup;
			children = (
				245BEC54217316F0005984BE /* StrStr_28.h */,
				245BEC55217316F0005984BE /* StrStr_28.c */,
			);
			path = StrStr_28;
			sourceTree = "<group>";
		};
		245BEC5721786093005984BE /* PlusOne_66 */ = {
			isa = PBXGroup;
			children = (
				245BEC58217860C1005984BE /* PlusOne_66.h */,
				245BEC59217860C1005984BE /* PlusOne_66.c */,
			);
			path = PlusOne_66;
			sourceTree = "<group>";
		};
		24B7F4C221410A200051F309 /* ReverseWordsAndReduceSpace_186 */ = {
			isa = PBXGroup;
			children = (
				24B7F4C321410A7C0051F309 /* ReverseWordsAndReduceSpace_186.h */,
				24B7F4C421410A7C0051F309 /* ReverseWordsAndReduceSpace_186.c */,
			);
			path = ReverseWordsAndReduceSpace_186;
			sourceTree = "<group>";
		};
		24E4575E209CAC3C0048DEF7 = {
			isa = PBXGroup;
			children = (
				24E45769209CAC3C0048DEF7 /* LeetCode */,
				24E45768209CAC3C0048DEF7 /* Products */,
			);
			sourceTree = "<group>";
		};
		24E45768209CAC3C0048DEF7 /* Products */ = {
			isa = PBXGroup;
			children = (
				24E45767209CAC3C0048DEF7 /* LeetCode */,
			);
			name = Products;
			sourceTree = "<group>";
		};
		24E45769209CAC3C0048DEF7 /* LeetCode */ = {
			isa = PBXGroup;
			children = (
				102650E6224A07B300D223A6 /* AddDigits_258 */,
				102650E22249E15700D223A6 /* ComputeArea_223 */,
				102650DE2249DF9E00D223A6 /* IsRectangleOverlap_836 */,
				102650DA2248BB5F00D223A6 /* ConvertToTitle_168 */,
				102650D6224888EE00D223A6 /* TitleToNumber_171 */,
				102650CF22447ADF00D223A6 /* RemoveDuplicates_26 */,
				102650CB224476B200D223A6 /* SwapPairs_24 */,
				1078035E2240EE85009684B6 /* AddStrings_415 */,
				1078035A2240A039009684B6 /* AddToArrayForm_989 */,
				1026509A2243425D00D223A6 /* AddTwoNumbers_2 */,
				102650BF2244681700D223A6 /* ClimbStairs_70 */,
				245BEC3B215B6023005984BE /* CompressChars_443 */,
				24388DE521BE5C94002A4F8A /* FindDisappearedNumbers_448 */,
				24388DED21BF9EE5002A4F8A /* FindPairs_532 */,
				245BEC2F215A2680005984BE /* FirstUniqChar_387 */,
				102650BB2243B8E700D223A6 /* IsHappy_202 */,
				102650B72243B5BF00D223A6 /* IsLongPressedName_925 */,
				245BEC37215B26E7005984BE /* Isomorphic_205 */,
				245BEC47216C424F005984BE /* IsPalindrome_9 */,
				102650C322446DDE00D223A6 /* IsPalindrome_125 */,
				245BEC3F215C9110005984BE /* LicenseKeyFormatting_482 */,
				245BEC4F2172F991005984BE /* LongestCommonPrefix_14 */,
				24E4576A209CAC3C0048DEF7 /* main.m */,
				1026509B2243734800D223A6 /* MergeTwoLists_21 */,
				245BEC33215B09BE005984BE /* NumJewelsInStones_771 */,
				245BEC5721786093005984BE /* PlusOne_66 */,
				24E4577920A01E640048DEF7 /* QuickSort */,
				101605D3222BBC3600D8D506 /* RemoveDuplicatesfromSortedArrayII_80 */,
				1026509F224375A800D223A6 /* RemoveElements_203 */,
				245BEC43216B3350005984BE /* Reverse_7 */,
				102650A72243AAFA00D223A6 /* ReverseStr_541 */,
				102650A32243A3AF00D223A6 /* ReverseString_344 */,
				102650AB2243ACFD00D223A6 /* ReverseVowels_345 */,
				102650AF2243AEBD00D223A6 /* ReverseWords_557 */,
				24B7F4C221410A200051F309 /* ReverseWordsAndReduceSpace_186 */,
				102650C7224474CD00D223A6 /* RomanToInt_13 */,
				245BEC4B216E1825005984BE /* SearchInsert_35 */,
				245BEC2B21575817005984BE /* ShortestToChar_821 */,
				245BEC53217316C5005984BE /* StrStr_28 */,
				24E45775209EC2EE0048DEF7 /* ThreeSum_15 */,
				102650B32243B2D700D223A6 /* Tools */,
				24E45774209EB4E40048DEF7 /* TwoSum_1 */,
			);
			path = LeetCode;
			sourceTree = "<group>";
		};
		24E45774209EB4E40048DEF7 /* TwoSum_1 */ = {
			isa = PBXGroup;
			children = (
				24E45771209EB4E00048DEF7 /* TwoSum_1.h */,
				24E45772209EB4E00048DEF7 /* TwoSum_1.c */,
			);
			path = TwoSum_1;
			sourceTree = "<group>";
		};
		24E45775209EC2EE0048DEF7 /* ThreeSum_15 */ = {
			isa = PBXGroup;
			children = (
				24E45776209EC3060048DEF7 /* ThreeSum_15.h */,
				24E45777209EC3060048DEF7 /* ThreeSum_15.c */,
			);
			path = ThreeSum_15;
			sourceTree = "<group>";
		};
		24E4577920A01E640048DEF7 /* QuickSort */ = {
			isa = PBXGroup;
			children = (
				24E4577A20A01E840048DEF7 /* QuickSort.h */,
				24E4577B20A01E840048DEF7 /* QuickSort.c */,
			);
			path = QuickSort;
			sourceTree = "<group>";
		};
/* End PBXGroup section */

/* Begin PBXNativeTarget section */
		24E45766209CAC3C0048DEF7 /* LeetCode */ = {
			isa = PBXNativeTarget;
			buildConfigurationList = 24E4576E209CAC3C0048DEF7 /* Build configuration list for PBXNativeTarget "LeetCode" */;
			buildPhases = (
				24E45763209CAC3C0048DEF7 /* Sources */,
				24E45764209CAC3C0048DEF7 /* Frameworks */,
				24E45765209CAC3C0048DEF7 /* CopyFiles */,
			);
			buildRules = (
			);
			dependencies = (
			);
			name = LeetCode;
			productName = LeetCode;
			productReference = 24E45767209CAC3C0048DEF7 /* LeetCode */;
			productType = "com.apple.product-type.tool";
		};
/* End PBXNativeTarget section */

/* Begin PBXProject section */
		24E4575F209CAC3C0048DEF7 /* Project object */ = {
			isa = PBXProject;
			attributes = {
				LastUpgradeCheck = 0930;
				ORGANIZATIONNAME = desezed;
				TargetAttributes = {
					24E45766209CAC3C0048DEF7 = {
						CreatedOnToolsVersion = 9.3;
					};
				};
			};
			buildConfigurationList = 24E45762209CAC3C0048DEF7 /* Build configuration list for PBXProject "LeetCode" */;
			compatibilityVersion = "Xcode 9.3";
			developmentRegion = en;
			hasScannedForEncodings = 0;
			knownRegions = (
				en,
			);
			mainGroup = 24E4575E209CAC3C0048DEF7;
			productRefGroup = 24E45768209CAC3C0048DEF7 /* Products */;
			projectDirPath = "";
			projectRoot = "";
			targets = (
				24E45766209CAC3C0048DEF7 /* LeetCode */,
			);
		};
/* End PBXProject section */

/* Begin PBXSourcesBuildPhase section */
		24E45763209CAC3C0048DEF7 /* Sources */ = {
			isa = PBXSourcesBuildPhase;
			buildActionMask = 2147483647;
			files = (
				101605D2222BBA8600D8D506 /* RemoveDuplicatesfromSortedArrayII_80.c in Sources */,
				24388DF021BF9F14002A4F8A /* FindPairs_532.c in Sources */,
				107803612240EEAB009684B6 /* AddStrings_415.c in Sources */,
				245BEC4E216E1845005984BE /* SearchInsert_35.c in Sources */,
				102650E52249E17400D223A6 /* ComputeArea_223.c in Sources */,
				245BEC42215C914D005984BE /* LicenseKeyFormatting_482.c in Sources */,
				245BEC2E21575841005984BE /* ShortestToChar_821.c in Sources */,
				1026509E2243737200D223A6 /* MergeTwoLists_21.c in Sources */,
				245BEC522172F9BE005984BE /* LongestCommonPrefix.c in Sources */,
				245BEC3E215B604E005984BE /* CompressChars_443.c in Sources */,
				245BEC36215B09E7005984BE /* NumJewelsInStones_771.c in Sources */,
				102650A2224375CC00D223A6 /* RemoveElements_203.c in Sources */,
				245BEC3A215B2701005984BE /* Isomorphic_205.c in Sources */,
				102650E9224A07D600D223A6 /* AddDigits_258.c in Sources */,
				245BEC56217316F0005984BE /* StrStr_28.c in Sources */,
				102650A62243A4A000D223A6 /* ReverseString_344.c in Sources */,
				102650CA224474E800D223A6 /* RomanToInt_13.c in Sources */,
				24E45773209EB4E00048DEF7 /* TwoSum_1.c in Sources */,
				102650BE2243B90500D223A6 /* IsHappy_202.c in Sources */,
				102650B22243AED800D223A6 /* ReverseWords_557.c in Sources */,
				102650C622446E0F00D223A6 /* IsPalindrome_125.c in Sources */,
				102650AA2243AB4800D223A6 /* ReverseStr_541.c in Sources */,
				245BEC46216B337B005984BE /* Reverse_7.c in Sources */,
				245BEC5A217860C2005984BE /* PlusOne_66.c in Sources */,
				102650CE224476C500D223A6 /* SwapPairs_24.c in Sources */,
				1078035D2240A069009684B6 /* AddToArrayForm_989.c in Sources */,
				24388DE821BE5CCE002A4F8A /* FindDisappearedNumbers_448.c in Sources */,
				102650B62243B2E900D223A6 /* Tools.c in Sources */,
				102650D92248892300D223A6 /* TitleToNumber_171.c in Sources */,
				24B7F4C521410A7C0051F309 /* ReverseWordsAndReduceSpace_186.c in Sources */,
				102650C22244683700D223A6 /* ClimbStairs_70.c in Sources */,
				24E4577C20A01E840048DEF7 /* QuickSort.c in Sources */,
				245BEC4A216C4276005984BE /* IsPalindrome_9.c in Sources */,
				102650AE2243AD1E00D223A6 /* ReverseVowels_345.c in Sources */,
				10780359223F45F6009684B6 /* AddTwoNumbers_2.c in Sources */,
				102650D222447AF400D223A6 /* RemoveDuplicates_26.c in Sources */,
				102650BA2243B5DE00D223A6 /* IsLongPressedName_925.c in Sources */,
				102650E12249DFD300D223A6 /* IsRectangleOverlap_836.c in Sources */,
				24E45778209EC3060048DEF7 /* ThreeSum_15.c in Sources */,
				24E4576B209CAC3C0048DEF7 /* main.m in Sources */,
				245BEC32215A26B8005984BE /* FirstUniqChar_387.c in Sources */,
				102650DD2248BB8E00D223A6 /* ConvertToTitle_168.c in Sources */,
			);
			runOnlyForDeploymentPostprocessing = 0;
		};
/* End PBXSourcesBuildPhase section */

/* Begin XCBuildConfiguration section */
		24E4576C209CAC3C0048DEF7 /* Debug */ = {
			isa = XCBuildConfiguration;
			buildSettings = {
				ALWAYS_SEARCH_USER_PATHS = NO;
				CLANG_ANALYZER_NONNULL = YES;
				CLANG_ANALYZER_NUMBER_OBJECT_CONVERSION = YES_AGGRESSIVE;
				CLANG_CXX_LANGUAGE_STANDARD = "gnu++14";
				CLANG_CXX_LIBRARY = "libc++";
				CLANG_ENABLE_MODULES = YES;
				CLANG_ENABLE_OBJC_ARC = YES;
				CLANG_ENABLE_OBJC_WEAK = YES;
				CLANG_WARN_BLOCK_CAPTURE_AUTORELEASING = YES;
				CLANG_WARN_BOOL_CONVERSION = YES;
				CLANG_WARN_COMMA = YES;
				CLANG_WARN_CONSTANT_CONVERSION = YES;
				CLANG_WARN_DEPRECATED_OBJC_IMPLEMENTATIONS = YES;
				CLANG_WARN_DIRECT_OBJC_ISA_USAGE = YES_ERROR;
				CLANG_WARN_DOCUMENTATION_COMMENTS = YES;
				CLANG_WARN_EMPTY_BODY = YES;
				CLANG_WARN_ENUM_CONVERSION = YES;
				CLANG_WARN_INFINITE_RECURSION = YES;
				CLANG_WARN_INT_CONVERSION = YES;
				CLANG_WARN_NON_LITERAL_NULL_CONVERSION = YES;
				CLANG_WARN_OBJC_IMPLICIT_RETAIN_SELF = YES;
				CLANG_WARN_OBJC_LITERAL_CONVERSION = YES;
				CLANG_WARN_OBJC_ROOT_CLASS = YES_ERROR;
				CLANG_WARN_RANGE_LOOP_ANALYSIS = YES;
				CLANG_WARN_STRICT_PROTOTYPES = YES;
				CLANG_WARN_SUSPICIOUS_MOVE = YES;
				CLANG_WARN_UNGUARDED_AVAILABILITY = YES_AGGRESSIVE;
				CLANG_WARN_UNREACHABLE_CODE = YES;
				CLANG_WARN__DUPLICATE_METHOD_MATCH = YES;
				CODE_SIGN_IDENTITY = "Mac Developer";
				COPY_PHASE_STRIP = NO;
				DEBUG_INFORMATION_FORMAT = dwarf;
				ENABLE_STRICT_OBJC_MSGSEND = YES;
				ENABLE_TESTABILITY = YES;
				GCC_C_LANGUAGE_STANDARD = gnu11;
				GCC_DYNAMIC_NO_PIC = NO;
				GCC_NO_COMMON_BLOCKS = YES;
				GCC_OPTIMIZATION_LEVEL = 0;
				GCC_PREPROCESSOR_DEFINITIONS = (
					"DEBUG=1",
					"$(inherited)",
				);
				GCC_WARN_64_TO_32_BIT_CONVERSION = YES;
				GCC_WARN_ABOUT_RETURN_TYPE = YES_ERROR;
				GCC_WARN_UNDECLARED_SELECTOR = YES;
				GCC_WARN_UNINITIALIZED_AUTOS = YES_AGGRESSIVE;
				GCC_WARN_UNUSED_FUNCTION = YES;
				GCC_WARN_UNUSED_VARIABLE = YES;
				MACOSX_DEPLOYMENT_TARGET = 10.13;
				MTL_ENABLE_DEBUG_INFO = YES;
				ONLY_ACTIVE_ARCH = YES;
				SDKROOT = macosx;
			};
			name = Debug;
		};
		24E4576D209CAC3C0048DEF7 /* Release */ = {
			isa = XCBuildConfiguration;
			buildSettings = {
				ALWAYS_SEARCH_USER_PATHS = NO;
				CLANG_ANALYZER_NONNULL = YES;
				CLANG_ANALYZER_NUMBER_OBJECT_CONVERSION = YES_AGGRESSIVE;
				CLANG_CXX_LANGUAGE_STANDARD = "gnu++14";
				CLANG_CXX_LIBRARY = "libc++";
				CLANG_ENABLE_MODULES = YES;
				CLANG_ENABLE_OBJC_ARC = YES;
				CLANG_ENABLE_OBJC_WEAK = YES;
				CLANG_WARN_BLOCK_CAPTURE_AUTORELEASING = YES;
				CLANG_WARN_BOOL_CONVERSION = YES;
				CLANG_WARN_COMMA = YES;
				CLANG_WARN_CONSTANT_CONVERSION = YES;
				CLANG_WARN_DEPRECATED_OBJC_IMPLEMENTATIONS = YES;
				CLANG_WARN_DIRECT_OBJC_ISA_USAGE = YES_ERROR;
				CLANG_WARN_DOCUMENTATION_COMMENTS = YES;
				CLANG_WARN_EMPTY_BODY = YES;
				CLANG_WARN_ENUM_CONVERSION = YES;
				CLANG_WARN_INFINITE_RECURSION = YES;
				CLANG_WARN_INT_CONVERSION = YES;
				CLANG_WARN_NON_LITERAL_NULL_CONVERSION = YES;
				CLANG_WARN_OBJC_IMPLICIT_RETAIN_SELF = YES;
				CLANG_WARN_OBJC_LITERAL_CONVERSION = YES;
				CLANG_WARN_OBJC_ROOT_CLASS = YES_ERROR;
				CLANG_WARN_RANGE_LOOP_ANALYSIS = YES;
				CLANG_WARN_STRICT_PROTOTYPES = YES;
				CLANG_WARN_SUSPICIOUS_MOVE = YES;
				CLANG_WARN_UNGUARDED_AVAILABILITY = YES_AGGRESSIVE;
				CLANG_WARN_UNREACHABLE_CODE = YES;
				CLANG_WARN__DUPLICATE_METHOD_MATCH = YES;
				CODE_SIGN_IDENTITY = "Mac Developer";
				COPY_PHASE_STRIP = NO;
				DEBUG_INFORMATION_FORMAT = "dwarf-with-dsym";
				ENABLE_NS_ASSERTIONS = NO;
				ENABLE_STRICT_OBJC_MSGSEND = YES;
				GCC_C_LANGUAGE_STANDARD = gnu11;
				GCC_NO_COMMON_BLOCKS = YES;
				GCC_WARN_64_TO_32_BIT_CONVERSION = YES;
				GCC_WARN_ABOUT_RETURN_TYPE = YES_ERROR;
				GCC_WARN_UNDECLARED_SELECTOR = YES;
				GCC_WARN_UNINITIALIZED_AUTOS = YES_AGGRESSIVE;
				GCC_WARN_UNUSED_FUNCTION = YES;
				GCC_WARN_UNUSED_VARIABLE = YES;
				MACOSX_DEPLOYMENT_TARGET = 10.13;
				MTL_ENABLE_DEBUG_INFO = NO;
				SDKROOT = macosx;
			};
			name = Release;
		};
		24E4576F209CAC3C0048DEF7 /* Debug */ = {
			isa = XCBuildConfiguration;
			buildSettings = {
				CODE_SIGN_STYLE = Automatic;
				DEVELOPMENT_TEAM = 6BEQU99RP5;
				PRODUCT_NAME = "$(TARGET_NAME)";
			};
			name = Debug;
		};
		24E45770209CAC3C0048DEF7 /* Release */ = {
			isa = XCBuildConfiguration;
			buildSettings = {
				CODE_SIGN_STYLE = Automatic;
				DEVELOPMENT_TEAM = 6BEQU99RP5;
				PRODUCT_NAME = "$(TARGET_NAME)";
			};
			name = Release;
		};
/* End XCBuildConfiguration section */

/* Begin XCConfigurationList section */
		24E45762209CAC3C0048DEF7 /* Build configuration list for PBXProject "LeetCode" */ = {
			isa = XCConfigurationList;
			buildConfigurations = (
				24E4576C209CAC3C0048DEF7 /* Debug */,
				24E4576D209CAC3C0048DEF7 /* Release */,
			);
			defaultConfigurationIsVisible = 0;
			defaultConfigurationName = Release;
		};
		24E4576E209CAC3C0048DEF7 /* Build configuration list for PBXNativeTarget "LeetCode" */ = {
			isa = XCConfigurationList;
			buildConfigurations = (
				24E4576F209CAC3C0048DEF7 /* Debug */,
				24E45770209CAC3C0048DEF7 /* Release */,
			);
			defaultConfigurationIsVisible = 0;
			defaultConfigurationName = Release;
		};
/* End XCConfigurationList section */
	};
	rootObject = 24E4575F209CAC3C0048DEF7 /* Project object */;
}
